// !$*UTF8*$!
{
	archiveVersion = 1;
	classes = {
	};
	objectVersion = 48;
	objects = {

/* Begin PBXBuildFile section */
		10BCA112A30B6718335DD0C4 /* libPods-PNA-ObjectC.a in Frameworks */ = {isa = PBXBuildFile; fileRef = 0A8390E9C0FD214C665B34B9 /* libPods-PNA-ObjectC.a */; };
		6629B32220997535004D5D88 /* ExampleController.m in Sources */ = {isa = PBXBuildFile; fileRef = 6629B32120997535004D5D88 /* ExampleController.m */; };
		66636B9D2099AABF00699A4B /* Examples.storyboard in Resources */ = {isa = PBXBuildFile; fileRef = 66636B9B2099AABF00699A4B /* Examples.storyboard */; };
		66636BA12099AE2600699A4B /* QRCodeController.m in Sources */ = {isa = PBXBuildFile; fileRef = 66636BA02099AE2600699A4B /* QRCodeController.m */; };
		66636BA42099AE3500699A4B /* YoutubeController.m in Sources */ = {isa = PBXBuildFile; fileRef = 66636BA32099AE3500699A4B /* YoutubeController.m */; };
		66636BA72099AE4600699A4B /* CameraController.m in Sources */ = {isa = PBXBuildFile; fileRef = 66636BA62099AE4600699A4B /* CameraController.m */; };
		66636BAA2099B46400699A4B /* MPMoviePlayerController+BackgroundPlayback.m in Sources */ = {isa = PBXBuildFile; fileRef = 66636BA92099B46400699A4B /* MPMoviePlayerController+BackgroundPlayback.m */; };
		66636BAE2099CC7100699A4B /* SocketController.m in Sources */ = {isa = PBXBuildFile; fileRef = 66636BAD2099CC7100699A4B /* SocketController.m */; };
		A13DA4B22099F68400A8BFB1 /* CustomCamera.m in Sources */ = {isa = PBXBuildFile; fileRef = A13DA4AC2099F68300A8BFB1 /* CustomCamera.m */; };
		A13DA4B32099F68400A8BFB1 /* DBCameraConfiguration.m in Sources */ = {isa = PBXBuildFile; fileRef = A13DA4B12099F68400A8BFB1 /* DBCameraConfiguration.m */; };
		A13DA4B62099F96500A8BFB1 /* CameraNavigationController.m in Sources */ = {isa = PBXBuildFile; fileRef = A13DA4B52099F96500A8BFB1 /* CameraNavigationController.m */; };
		A13DA4B92099FF6300A8BFB1 /* FaceBookController.m in Sources */ = {isa = PBXBuildFile; fileRef = A13DA4B82099FF6300A8BFB1 /* FaceBookController.m */; };
		A13DA4BC2099FFE100A8BFB1 /* TwitterController.m in Sources */ = {isa = PBXBuildFile; fileRef = A13DA4BB2099FFE100A8BFB1 /* TwitterController.m */; };
		A13DA4BF209A019600A8BFB1 /* InstagramController.m in Sources */ = {isa = PBXBuildFile; fileRef = A13DA4BE209A019600A8BFB1 /* InstagramController.m */; };
		A13DA4C2209A02F300A8BFB1 /* GoogleMapController.m in Sources */ = {isa = PBXBuildFile; fileRef = A13DA4C1209A02F300A8BFB1 /* GoogleMapController.m */; };
		A14781852097301000011801 /* MenuController.m in Sources */ = {isa = PBXBuildFile; fileRef = A14781842097300F00011801 /* MenuController.m */; };
		A1697ED7208A3B95009119F1 /* tables.json in Resources */ = {isa = PBXBuildFile; fileRef = A1697ED6208A3B95009119F1 /* tables.json */; };
		A1697ED9208A3D51009119F1 /* PNA.db in Resources */ = {isa = PBXBuildFile; fileRef = A1697ED8208A3D51009119F1 /* PNA.db */; };
		A1697EDC208A3E2A009119F1 /* DownloadService.m in Sources */ = {isa = PBXBuildFile; fileRef = A1697EDA208A3E2A009119F1 /* DownloadService.m */; };
		A1697EDE208A3E93009119F1 /* CoreGraphics.framework in Frameworks */ = {isa = PBXBuildFile; fileRef = A1697EDD208A3E93009119F1 /* CoreGraphics.framework */; };
		A1697EE4208A4859009119F1 /* UtilsCache.m in Sources */ = {isa = PBXBuildFile; fileRef = A1697EE2208A4859009119F1 /* UtilsCache.m */; };
		A1697EE7208A49F0009119F1 /* UtilsPlatform.m in Sources */ = {isa = PBXBuildFile; fileRef = A1697EE6208A49F0009119F1 /* UtilsPlatform.m */; };
		A1697EEA208A4B34009119F1 /* CustomView.m in Sources */ = {isa = PBXBuildFile; fileRef = A1697EE8208A4B34009119F1 /* CustomView.m */; };
		A1697EEE208A4BFE009119F1 /* CustomLabel.m in Sources */ = {isa = PBXBuildFile; fileRef = A1697EED208A4BFE009119F1 /* CustomLabel.m */; };
		A1697EF1208A4CC6009119F1 /* LanguageService.m in Sources */ = {isa = PBXBuildFile; fileRef = A1697EF0208A4CC6009119F1 /* LanguageService.m */; };
		A1697EF4208A4F72009119F1 /* CustomTextField.m in Sources */ = {isa = PBXBuildFile; fileRef = A1697EF2208A4F71009119F1 /* CustomTextField.m */; };
		A1697EF7208A5019009119F1 /* UtilsFont.m in Sources */ = {isa = PBXBuildFile; fileRef = A1697EF5208A5019009119F1 /* UtilsFont.m */; };
		A1697EFA208A50D7009119F1 /* CustomImageView.m in Sources */ = {isa = PBXBuildFile; fileRef = A1697EF9208A50D7009119F1 /* CustomImageView.m */; };
		A1697EFD208A52CF009119F1 /* CustomButton.m in Sources */ = {isa = PBXBuildFile; fileRef = A1697EFB208A52CF009119F1 /* CustomButton.m */; };
		A1CA15FD208B0219006B3AAF /* CustomWKWebView.m in Sources */ = {isa = PBXBuildFile; fileRef = A1CA15FC208B0219006B3AAF /* CustomWKWebView.m */; };
		A1CA15FF208B026E006B3AAF /* WebKit.framework in Frameworks */ = {isa = PBXBuildFile; fileRef = A1CA15FE208B026E006B3AAF /* WebKit.framework */; };
		A1CA1601208B02F3006B3AAF /* webView.css in Resources */ = {isa = PBXBuildFile; fileRef = A1CA1600208B02F3006B3AAF /* webView.css */; };
		A1CA1604208B035A006B3AAF /* CustomVideo.m in Sources */ = {isa = PBXBuildFile; fileRef = A1CA1602208B0359006B3AAF /* CustomVideo.m */; };
		A1CA1606208B04BA006B3AAF /* AVFoundation.framework in Frameworks */ = {isa = PBXBuildFile; fileRef = A1CA1605208B04BA006B3AAF /* AVFoundation.framework */; };
		A1CA1609208B0916006B3AAF /* UtilsController.m in Sources */ = {isa = PBXBuildFile; fileRef = A1CA1608208B0916006B3AAF /* UtilsController.m */; };
		A1CA160D208B0A50006B3AAF /* MainController.m in Sources */ = {isa = PBXBuildFile; fileRef = A1CA160C208B0A50006B3AAF /* MainController.m */; };
		A1CA1610208B0C17006B3AAF /* PrevViewControllerSegue.m in Sources */ = {isa = PBXBuildFile; fileRef = A1CA160F208B0C17006B3AAF /* PrevViewControllerSegue.m */; };
		A1CA1613208B0C30006B3AAF /* RefreshTableHeaderController.m in Sources */ = {isa = PBXBuildFile; fileRef = A1CA1612208B0C30006B3AAF /* RefreshTableHeaderController.m */; };
		A1CA1616208B0D3D006B3AAF /* ProcessKeyboardController.m in Sources */ = {isa = PBXBuildFile; fileRef = A1CA1615208B0D3D006B3AAF /* ProcessKeyboardController.m */; };
		A1CA161C208B0F58006B3AAF /* Utils.m in Sources */ = {isa = PBXBuildFile; fileRef = A1CA161B208B0F57006B3AAF /* Utils.m */; };
		A1F229C820A331B600747AFD /* map_data.json in Resources */ = {isa = PBXBuildFile; fileRef = A1F229C720A331B500747AFD /* map_data.json */; };
		A1F229CB20A337FA00747AFD /* GoogleMapInforController.m in Sources */ = {isa = PBXBuildFile; fileRef = A1F229CA20A337FA00747AFD /* GoogleMapInforController.m */; };
		A1F229CE20A3444200747AFD /* GooglePlusController.m in Sources */ = {isa = PBXBuildFile; fileRef = A1F229CD20A3444200747AFD /* GooglePlusController.m */; };
		A1F7B14C209DCA5D00BECABF /* UtilsGoogleMap.m in Sources */ = {isa = PBXBuildFile; fileRef = A1F7B14B209DCA5D00BECABF /* UtilsGoogleMap.m */; };
		A1FB7E74208649A800024C33 /* AppDelegate.m in Sources */ = {isa = PBXBuildFile; fileRef = A1FB7E73208649A800024C33 /* AppDelegate.m */; };
		A1FB7E77208649A800024C33 /* ViewController.m in Sources */ = {isa = PBXBuildFile; fileRef = A1FB7E76208649A800024C33 /* ViewController.m */; };
		A1FB7E7A208649A800024C33 /* Main.storyboard in Resources */ = {isa = PBXBuildFile; fileRef = A1FB7E78208649A800024C33 /* Main.storyboard */; };
		A1FB7E7D208649A800024C33 /* PNA_ObjectC.xcdatamodeld in Sources */ = {isa = PBXBuildFile; fileRef = A1FB7E7B208649A800024C33 /* PNA_ObjectC.xcdatamodeld */; };
		A1FB7E7F208649A800024C33 /* Assets.xcassets in Resources */ = {isa = PBXBuildFile; fileRef = A1FB7E7E208649A800024C33 /* Assets.xcassets */; };
		A1FB7E82208649A800024C33 /* LaunchScreen.storyboard in Resources */ = {isa = PBXBuildFile; fileRef = A1FB7E80208649A800024C33 /* LaunchScreen.storyboard */; };
		A1FB7E85208649A800024C33 /* main.m in Sources */ = {isa = PBXBuildFile; fileRef = A1FB7E84208649A800024C33 /* main.m */; };
		A1FB7E8F208649A800024C33 /* PNA_ObjectCTests.m in Sources */ = {isa = PBXBuildFile; fileRef = A1FB7E8E208649A800024C33 /* PNA_ObjectCTests.m */; };
		A1FB7E9A208649A800024C33 /* PNA_ObjectCUITests.m in Sources */ = {isa = PBXBuildFile; fileRef = A1FB7E99208649A800024C33 /* PNA_ObjectCUITests.m */; };
		A1FB7EC020864BA700024C33 /* ActivityViewController.m in Sources */ = {isa = PBXBuildFile; fileRef = A1FB7EBB20864BA700024C33 /* ActivityViewController.m */; };
		A1FB7EC120864BA700024C33 /* PDKeychainBindings.m in Sources */ = {isa = PBXBuildFile; fileRef = A1FB7EBD20864BA700024C33 /* PDKeychainBindings.m */; };
		A1FB7EC220864BA700024C33 /* PDKeychainBindingsController.m in Sources */ = {isa = PBXBuildFile; fileRef = A1FB7EBE20864BA700024C33 /* PDKeychainBindingsController.m */; };
		A1FB83E8209D879A0080FEFB /* UtilsFaceBook.m in Sources */ = {isa = PBXBuildFile; fileRef = A1FB83E7209D879A0080FEFB /* UtilsFaceBook.m */; };
		A1FF34B1208A38B400EC98DD /* SQLiteService.m in Sources */ = {isa = PBXBuildFile; fileRef = A1FF34AF208A38B300EC98DD /* SQLiteService.m */; };
		A1FF34B4208A394A00EC98DD /* ConnectionService.m in Sources */ = {isa = PBXBuildFile; fileRef = A1FF34B3208A394A00EC98DD /* ConnectionService.m */; };
		E16B220D53C06DC9BB078026 /* libPods-PNA-ObjectCTests.a in Frameworks */ = {isa = PBXBuildFile; fileRef = EA537C2B75726B28EDF12D1E /* libPods-PNA-ObjectCTests.a */; };
		FE8FBA34A3C121DD61B791D5 /* libPods-PNA-ObjectCUITests.a in Frameworks */ = {isa = PBXBuildFile; fileRef = 647DA4D2BF46769F8670C0EC /* libPods-PNA-ObjectCUITests.a */; };
/* End PBXBuildFile section */

/* Begin PBXContainerItemProxy section */
		A1FB7E8B208649A800024C33 /* PBXContainerItemProxy */ = {
			isa = PBXContainerItemProxy;
			containerPortal = A1FB7E67208649A800024C33 /* Project object */;
			proxyType = 1;
			remoteGlobalIDString = A1FB7E6E208649A800024C33;
			remoteInfo = "PNA-ObjectC";
		};
		A1FB7E96208649A800024C33 /* PBXContainerItemProxy */ = {
			isa = PBXContainerItemProxy;
			containerPortal = A1FB7E67208649A800024C33 /* Project object */;
			proxyType = 1;
			remoteGlobalIDString = A1FB7E6E208649A800024C33;
			remoteInfo = "PNA-ObjectC";
		};
/* End PBXContainerItemProxy section */

/* Begin PBXFileReference section */
		0A8390E9C0FD214C665B34B9 /* libPods-PNA-ObjectC.a */ = {isa = PBXFileReference; explicitFileType = archive.ar; includeInIndex = 0; path = "libPods-PNA-ObjectC.a"; sourceTree = BUILT_PRODUCTS_DIR; };
		51F599D5D1ACA69CB0972306 /* Pods-PNA-ObjectCUITests.debug.xcconfig */ = {isa = PBXFileReference; includeInIndex = 1; lastKnownFileType = text.xcconfig; name = "Pods-PNA-ObjectCUITests.debug.xcconfig"; path = "Pods/Target Support Files/Pods-PNA-ObjectCUITests/Pods-PNA-ObjectCUITests.debug.xcconfig"; sourceTree = "<group>"; };
		647DA4D2BF46769F8670C0EC /* libPods-PNA-ObjectCUITests.a */ = {isa = PBXFileReference; explicitFileType = archive.ar; includeInIndex = 0; path = "libPods-PNA-ObjectCUITests.a"; sourceTree = BUILT_PRODUCTS_DIR; };
		6629B32020997535004D5D88 /* ExampleController.h */ = {isa = PBXFileReference; fileEncoding = 4; lastKnownFileType = sourcecode.c.h; path = ExampleController.h; sourceTree = "<group>"; };
		6629B32120997535004D5D88 /* ExampleController.m */ = {isa = PBXFileReference; fileEncoding = 4; lastKnownFileType = sourcecode.c.objc; path = ExampleController.m; sourceTree = "<group>"; };
		66636B9C2099AABF00699A4B /* Base */ = {isa = PBXFileReference; lastKnownFileType = file.storyboard; name = Base; path = Base.lproj/Examples.storyboard; sourceTree = "<group>"; };
		66636B9F2099AE2600699A4B /* QRCodeController.h */ = {isa = PBXFileReference; lastKnownFileType = sourcecode.c.h; path = QRCodeController.h; sourceTree = "<group>"; };
		66636BA02099AE2600699A4B /* QRCodeController.m */ = {isa = PBXFileReference; lastKnownFileType = sourcecode.c.objc; path = QRCodeController.m; sourceTree = "<group>"; };
		66636BA22099AE3500699A4B /* YoutubeController.h */ = {isa = PBXFileReference; lastKnownFileType = sourcecode.c.h; path = YoutubeController.h; sourceTree = "<group>"; };
		66636BA32099AE3500699A4B /* YoutubeController.m */ = {isa = PBXFileReference; lastKnownFileType = sourcecode.c.objc; path = YoutubeController.m; sourceTree = "<group>"; };
		66636BA52099AE4600699A4B /* CameraController.h */ = {isa = PBXFileReference; lastKnownFileType = sourcecode.c.h; path = CameraController.h; sourceTree = "<group>"; };
		66636BA62099AE4600699A4B /* CameraController.m */ = {isa = PBXFileReference; lastKnownFileType = sourcecode.c.objc; path = CameraController.m; sourceTree = "<group>"; };
		66636BA82099B46400699A4B /* MPMoviePlayerController+BackgroundPlayback.h */ = {isa = PBXFileReference; fileEncoding = 4; lastKnownFileType = sourcecode.c.h; path = "MPMoviePlayerController+BackgroundPlayback.h"; sourceTree = "<group>"; };
		66636BA92099B46400699A4B /* MPMoviePlayerController+BackgroundPlayback.m */ = {isa = PBXFileReference; fileEncoding = 4; lastKnownFileType = sourcecode.c.objc; path = "MPMoviePlayerController+BackgroundPlayback.m"; sourceTree = "<group>"; };
		66636BAC2099CC7100699A4B /* SocketController.h */ = {isa = PBXFileReference; lastKnownFileType = sourcecode.c.h; path = SocketController.h; sourceTree = "<group>"; };
		66636BAD2099CC7100699A4B /* SocketController.m */ = {isa = PBXFileReference; lastKnownFileType = sourcecode.c.objc; path = SocketController.m; sourceTree = "<group>"; };
		7F114B93C8CF0AA2090393DA /* Pods-PNA-ObjectCTests.release.xcconfig */ = {isa = PBXFileReference; includeInIndex = 1; lastKnownFileType = text.xcconfig; name = "Pods-PNA-ObjectCTests.release.xcconfig"; path = "Pods/Target Support Files/Pods-PNA-ObjectCTests/Pods-PNA-ObjectCTests.release.xcconfig"; sourceTree = "<group>"; };
		A13DA4AC2099F68300A8BFB1 /* CustomCamera.m */ = {isa = PBXFileReference; fileEncoding = 4; lastKnownFileType = sourcecode.c.objc; path = CustomCamera.m; sourceTree = "<group>"; };
		A13DA4AD2099F68300A8BFB1 /* CustomCamera.h */ = {isa = PBXFileReference; fileEncoding = 4; lastKnownFileType = sourcecode.c.h; path = CustomCamera.h; sourceTree = "<group>"; };
		A13DA4AE2099F68300A8BFB1 /* DBCameraConfiguration.h */ = {isa = PBXFileReference; fileEncoding = 4; lastKnownFileType = sourcecode.c.h; path = DBCameraConfiguration.h; sourceTree = "<group>"; };
		A13DA4AF2099F68400A8BFB1 /* DBCameraControllerProtocol.h */ = {isa = PBXFileReference; fileEncoding = 4; lastKnownFileType = sourcecode.c.h; path = DBCameraControllerProtocol.h; sourceTree = "<group>"; };
		A13DA4B02099F68400A8BFB1 /* DBPhotoProcessingControllerProtocol.h */ = {isa = PBXFileReference; fileEncoding = 4; lastKnownFileType = sourcecode.c.h; path = DBPhotoProcessingControllerProtocol.h; sourceTree = "<group>"; };
		A13DA4B12099F68400A8BFB1 /* DBCameraConfiguration.m */ = {isa = PBXFileReference; fileEncoding = 4; lastKnownFileType = sourcecode.c.objc; path = DBCameraConfiguration.m; sourceTree = "<group>"; };
		A13DA4B42099F96500A8BFB1 /* CameraNavigationController.h */ = {isa = PBXFileReference; fileEncoding = 4; lastKnownFileType = sourcecode.c.h; path = CameraNavigationController.h; sourceTree = "<group>"; };
		A13DA4B52099F96500A8BFB1 /* CameraNavigationController.m */ = {isa = PBXFileReference; fileEncoding = 4; lastKnownFileType = sourcecode.c.objc; path = CameraNavigationController.m; sourceTree = "<group>"; };
		A13DA4B72099FF6300A8BFB1 /* FaceBookController.h */ = {isa = PBXFileReference; lastKnownFileType = sourcecode.c.h; path = FaceBookController.h; sourceTree = "<group>"; };
		A13DA4B82099FF6300A8BFB1 /* FaceBookController.m */ = {isa = PBXFileReference; lastKnownFileType = sourcecode.c.objc; path = FaceBookController.m; sourceTree = "<group>"; };
		A13DA4BA2099FFE100A8BFB1 /* TwitterController.h */ = {isa = PBXFileReference; lastKnownFileType = sourcecode.c.h; path = TwitterController.h; sourceTree = "<group>"; };
		A13DA4BB2099FFE100A8BFB1 /* TwitterController.m */ = {isa = PBXFileReference; lastKnownFileType = sourcecode.c.objc; path = TwitterController.m; sourceTree = "<group>"; };
		A13DA4BD209A019600A8BFB1 /* InstagramController.h */ = {isa = PBXFileReference; lastKnownFileType = sourcecode.c.h; path = InstagramController.h; sourceTree = "<group>"; };
		A13DA4BE209A019600A8BFB1 /* InstagramController.m */ = {isa = PBXFileReference; lastKnownFileType = sourcecode.c.objc; path = InstagramController.m; sourceTree = "<group>"; };
		A13DA4C0209A02F300A8BFB1 /* GoogleMapController.h */ = {isa = PBXFileReference; lastKnownFileType = sourcecode.c.h; path = GoogleMapController.h; sourceTree = "<group>"; };
		A13DA4C1209A02F300A8BFB1 /* GoogleMapController.m */ = {isa = PBXFileReference; lastKnownFileType = sourcecode.c.objc; path = GoogleMapController.m; sourceTree = "<group>"; };
		A14781832097300F00011801 /* MenuController.h */ = {isa = PBXFileReference; fileEncoding = 4; lastKnownFileType = sourcecode.c.h; path = MenuController.h; sourceTree = "<group>"; };
		A14781842097300F00011801 /* MenuController.m */ = {isa = PBXFileReference; fileEncoding = 4; lastKnownFileType = sourcecode.c.objc; path = MenuController.m; sourceTree = "<group>"; };
		A1697ED6208A3B95009119F1 /* tables.json */ = {isa = PBXFileReference; fileEncoding = 4; lastKnownFileType = text.json; path = tables.json; sourceTree = "<group>"; };
		A1697ED8208A3D51009119F1 /* PNA.db */ = {isa = PBXFileReference; lastKnownFileType = file; path = PNA.db; sourceTree = "<group>"; };
		A1697EDA208A3E2A009119F1 /* DownloadService.m */ = {isa = PBXFileReference; fileEncoding = 4; lastKnownFileType = sourcecode.c.objc; path = DownloadService.m; sourceTree = "<group>"; };
		A1697EDB208A3E2A009119F1 /* DownloadService.h */ = {isa = PBXFileReference; fileEncoding = 4; lastKnownFileType = sourcecode.c.h; path = DownloadService.h; sourceTree = "<group>"; };
		A1697EDD208A3E93009119F1 /* CoreGraphics.framework */ = {isa = PBXFileReference; lastKnownFileType = wrapper.framework; name = CoreGraphics.framework; path = System/Library/Frameworks/CoreGraphics.framework; sourceTree = SDKROOT; };
		A1697EE2208A4859009119F1 /* UtilsCache.m */ = {isa = PBXFileReference; fileEncoding = 4; lastKnownFileType = sourcecode.c.objc; path = UtilsCache.m; sourceTree = "<group>"; };
		A1697EE3208A4859009119F1 /* UtilsCache.h */ = {isa = PBXFileReference; fileEncoding = 4; lastKnownFileType = sourcecode.c.h; path = UtilsCache.h; sourceTree = "<group>"; };
		A1697EE5208A49F0009119F1 /* UtilsPlatform.h */ = {isa = PBXFileReference; fileEncoding = 4; lastKnownFileType = sourcecode.c.h; path = UtilsPlatform.h; sourceTree = "<group>"; };
		A1697EE6208A49F0009119F1 /* UtilsPlatform.m */ = {isa = PBXFileReference; fileEncoding = 4; lastKnownFileType = sourcecode.c.objc; path = UtilsPlatform.m; sourceTree = "<group>"; };
		A1697EE8208A4B34009119F1 /* CustomView.m */ = {isa = PBXFileReference; fileEncoding = 4; lastKnownFileType = sourcecode.c.objc; path = CustomView.m; sourceTree = "<group>"; };
		A1697EE9208A4B34009119F1 /* CustomView.h */ = {isa = PBXFileReference; fileEncoding = 4; lastKnownFileType = sourcecode.c.h; path = CustomView.h; sourceTree = "<group>"; };
		A1697EEB208A4B88009119F1 /* CustomHeader.h */ = {isa = PBXFileReference; lastKnownFileType = sourcecode.c.h; path = CustomHeader.h; sourceTree = "<group>"; };
		A1697EEC208A4BFE009119F1 /* CustomLabel.h */ = {isa = PBXFileReference; fileEncoding = 4; lastKnownFileType = sourcecode.c.h; path = CustomLabel.h; sourceTree = "<group>"; };
		A1697EED208A4BFE009119F1 /* CustomLabel.m */ = {isa = PBXFileReference; fileEncoding = 4; lastKnownFileType = sourcecode.c.objc; path = CustomLabel.m; sourceTree = "<group>"; };
		A1697EEF208A4CC6009119F1 /* LanguageService.h */ = {isa = PBXFileReference; fileEncoding = 4; lastKnownFileType = sourcecode.c.h; path = LanguageService.h; sourceTree = "<group>"; };
		A1697EF0208A4CC6009119F1 /* LanguageService.m */ = {isa = PBXFileReference; fileEncoding = 4; lastKnownFileType = sourcecode.c.objc; path = LanguageService.m; sourceTree = "<group>"; };
		A1697EF2208A4F71009119F1 /* CustomTextField.m */ = {isa = PBXFileReference; fileEncoding = 4; lastKnownFileType = sourcecode.c.objc; path = CustomTextField.m; sourceTree = "<group>"; };
		A1697EF3208A4F72009119F1 /* CustomTextField.h */ = {isa = PBXFileReference; fileEncoding = 4; lastKnownFileType = sourcecode.c.h; path = CustomTextField.h; sourceTree = "<group>"; };
		A1697EF5208A5019009119F1 /* UtilsFont.m */ = {isa = PBXFileReference; fileEncoding = 4; lastKnownFileType = sourcecode.c.objc; path = UtilsFont.m; sourceTree = "<group>"; };
		A1697EF6208A5019009119F1 /* UtilsFont.h */ = {isa = PBXFileReference; fileEncoding = 4; lastKnownFileType = sourcecode.c.h; path = UtilsFont.h; sourceTree = "<group>"; };
		A1697EF8208A50D7009119F1 /* CustomImageView.h */ = {isa = PBXFileReference; fileEncoding = 4; lastKnownFileType = sourcecode.c.h; path = CustomImageView.h; sourceTree = "<group>"; };
		A1697EF9208A50D7009119F1 /* CustomImageView.m */ = {isa = PBXFileReference; fileEncoding = 4; lastKnownFileType = sourcecode.c.objc; path = CustomImageView.m; sourceTree = "<group>"; };
		A1697EFB208A52CF009119F1 /* CustomButton.m */ = {isa = PBXFileReference; fileEncoding = 4; lastKnownFileType = sourcecode.c.objc; path = CustomButton.m; sourceTree = "<group>"; };
		A1697EFC208A52CF009119F1 /* CustomButton.h */ = {isa = PBXFileReference; fileEncoding = 4; lastKnownFileType = sourcecode.c.h; path = CustomButton.h; sourceTree = "<group>"; };
		A1CA15FB208B0219006B3AAF /* CustomWKWebView.h */ = {isa = PBXFileReference; fileEncoding = 4; lastKnownFileType = sourcecode.c.h; path = CustomWKWebView.h; sourceTree = "<group>"; };
		A1CA15FC208B0219006B3AAF /* CustomWKWebView.m */ = {isa = PBXFileReference; fileEncoding = 4; lastKnownFileType = sourcecode.c.objc; path = CustomWKWebView.m; sourceTree = "<group>"; };
		A1CA15FE208B026E006B3AAF /* WebKit.framework */ = {isa = PBXFileReference; lastKnownFileType = wrapper.framework; name = WebKit.framework; path = System/Library/Frameworks/WebKit.framework; sourceTree = SDKROOT; };
		A1CA1600208B02F3006B3AAF /* webView.css */ = {isa = PBXFileReference; fileEncoding = 4; lastKnownFileType = text.css; path = webView.css; sourceTree = "<group>"; };
		A1CA1602208B0359006B3AAF /* CustomVideo.m */ = {isa = PBXFileReference; fileEncoding = 4; lastKnownFileType = sourcecode.c.objc; path = CustomVideo.m; sourceTree = "<group>"; };
		A1CA1603208B0359006B3AAF /* CustomVideo.h */ = {isa = PBXFileReference; fileEncoding = 4; lastKnownFileType = sourcecode.c.h; path = CustomVideo.h; sourceTree = "<group>"; };
		A1CA1605208B04BA006B3AAF /* AVFoundation.framework */ = {isa = PBXFileReference; lastKnownFileType = wrapper.framework; name = AVFoundation.framework; path = System/Library/Frameworks/AVFoundation.framework; sourceTree = SDKROOT; };
		A1CA1607208B0916006B3AAF /* UtilsController.h */ = {isa = PBXFileReference; fileEncoding = 4; lastKnownFileType = sourcecode.c.h; path = UtilsController.h; sourceTree = "<group>"; };
		A1CA1608208B0916006B3AAF /* UtilsController.m */ = {isa = PBXFileReference; fileEncoding = 4; lastKnownFileType = sourcecode.c.objc; path = UtilsController.m; sourceTree = "<group>"; };
		A1CA160B208B0A50006B3AAF /* MainController.h */ = {isa = PBXFileReference; lastKnownFileType = sourcecode.c.h; path = MainController.h; sourceTree = "<group>"; };
		A1CA160C208B0A50006B3AAF /* MainController.m */ = {isa = PBXFileReference; lastKnownFileType = sourcecode.c.objc; path = MainController.m; sourceTree = "<group>"; };
		A1CA160E208B0C17006B3AAF /* PrevViewControllerSegue.h */ = {isa = PBXFileReference; fileEncoding = 4; lastKnownFileType = sourcecode.c.h; path = PrevViewControllerSegue.h; sourceTree = "<group>"; };
		A1CA160F208B0C17006B3AAF /* PrevViewControllerSegue.m */ = {isa = PBXFileReference; fileEncoding = 4; lastKnownFileType = sourcecode.c.objc; path = PrevViewControllerSegue.m; sourceTree = "<group>"; };
		A1CA1611208B0C30006B3AAF /* RefreshTableHeaderController.h */ = {isa = PBXFileReference; fileEncoding = 4; lastKnownFileType = sourcecode.c.h; path = RefreshTableHeaderController.h; sourceTree = "<group>"; };
		A1CA1612208B0C30006B3AAF /* RefreshTableHeaderController.m */ = {isa = PBXFileReference; fileEncoding = 4; lastKnownFileType = sourcecode.c.objc; path = RefreshTableHeaderController.m; sourceTree = "<group>"; };
		A1CA1614208B0D3D006B3AAF /* ProcessKeyboardController.h */ = {isa = PBXFileReference; fileEncoding = 4; lastKnownFileType = sourcecode.c.h; path = ProcessKeyboardController.h; sourceTree = "<group>"; };
		A1CA1615208B0D3D006B3AAF /* ProcessKeyboardController.m */ = {isa = PBXFileReference; fileEncoding = 4; lastKnownFileType = sourcecode.c.objc; path = ProcessKeyboardController.m; sourceTree = "<group>"; };
		A1CA161A208B0F57006B3AAF /* Utils.h */ = {isa = PBXFileReference; fileEncoding = 4; lastKnownFileType = sourcecode.c.h; path = Utils.h; sourceTree = "<group>"; };
		A1CA161B208B0F57006B3AAF /* Utils.m */ = {isa = PBXFileReference; fileEncoding = 4; lastKnownFileType = sourcecode.c.objc; path = Utils.m; sourceTree = "<group>"; };
		A1F229C720A331B500747AFD /* map_data.json */ = {isa = PBXFileReference; fileEncoding = 4; lastKnownFileType = text.json; path = map_data.json; sourceTree = "<group>"; };
		A1F229C920A337FA00747AFD /* GoogleMapInforController.h */ = {isa = PBXFileReference; lastKnownFileType = sourcecode.c.h; path = GoogleMapInforController.h; sourceTree = "<group>"; };
		A1F229CA20A337FA00747AFD /* GoogleMapInforController.m */ = {isa = PBXFileReference; lastKnownFileType = sourcecode.c.objc; path = GoogleMapInforController.m; sourceTree = "<group>"; };
		A1F229CC20A3444200747AFD /* GooglePlusController.h */ = {isa = PBXFileReference; lastKnownFileType = sourcecode.c.h; path = GooglePlusController.h; sourceTree = "<group>"; };
		A1F229CD20A3444200747AFD /* GooglePlusController.m */ = {isa = PBXFileReference; lastKnownFileType = sourcecode.c.objc; path = GooglePlusController.m; sourceTree = "<group>"; };
		A1F7B14A209DCA5D00BECABF /* UtilsGoogleMap.h */ = {isa = PBXFileReference; lastKnownFileType = sourcecode.c.h; path = UtilsGoogleMap.h; sourceTree = "<group>"; };
		A1F7B14B209DCA5D00BECABF /* UtilsGoogleMap.m */ = {isa = PBXFileReference; lastKnownFileType = sourcecode.c.objc; path = UtilsGoogleMap.m; sourceTree = "<group>"; };
		A1FB7E6F208649A800024C33 /* PNA-ObjectC.app */ = {isa = PBXFileReference; explicitFileType = wrapper.application; includeInIndex = 0; path = "PNA-ObjectC.app"; sourceTree = BUILT_PRODUCTS_DIR; };
		A1FB7E72208649A800024C33 /* AppDelegate.h */ = {isa = PBXFileReference; lastKnownFileType = sourcecode.c.h; path = AppDelegate.h; sourceTree = "<group>"; };
		A1FB7E73208649A800024C33 /* AppDelegate.m */ = {isa = PBXFileReference; lastKnownFileType = sourcecode.c.objc; path = AppDelegate.m; sourceTree = "<group>"; };
		A1FB7E75208649A800024C33 /* ViewController.h */ = {isa = PBXFileReference; lastKnownFileType = sourcecode.c.h; path = ViewController.h; sourceTree = "<group>"; };
		A1FB7E76208649A800024C33 /* ViewController.m */ = {isa = PBXFileReference; lastKnownFileType = sourcecode.c.objc; path = ViewController.m; sourceTree = "<group>"; };
		A1FB7E79208649A800024C33 /* Base */ = {isa = PBXFileReference; lastKnownFileType = file.storyboard; name = Base; path = Base.lproj/Main.storyboard; sourceTree = "<group>"; };
		A1FB7E7C208649A800024C33 /* PNA_ObjectC.xcdatamodel */ = {isa = PBXFileReference; lastKnownFileType = wrapper.xcdatamodel; path = PNA_ObjectC.xcdatamodel; sourceTree = "<group>"; };
		A1FB7E7E208649A800024C33 /* Assets.xcassets */ = {isa = PBXFileReference; lastKnownFileType = folder.assetcatalog; path = Assets.xcassets; sourceTree = "<group>"; };
		A1FB7E81208649A800024C33 /* Base */ = {isa = PBXFileReference; lastKnownFileType = file.storyboard; name = Base; path = Base.lproj/LaunchScreen.storyboard; sourceTree = "<group>"; };
		A1FB7E83208649A800024C33 /* Info.plist */ = {isa = PBXFileReference; lastKnownFileType = text.plist.xml; path = Info.plist; sourceTree = "<group>"; };
		A1FB7E84208649A800024C33 /* main.m */ = {isa = PBXFileReference; lastKnownFileType = sourcecode.c.objc; path = main.m; sourceTree = "<group>"; };
		A1FB7E8A208649A800024C33 /* PNA-ObjectCTests.xctest */ = {isa = PBXFileReference; explicitFileType = wrapper.cfbundle; includeInIndex = 0; path = "PNA-ObjectCTests.xctest"; sourceTree = BUILT_PRODUCTS_DIR; };
		A1FB7E8E208649A800024C33 /* PNA_ObjectCTests.m */ = {isa = PBXFileReference; lastKnownFileType = sourcecode.c.objc; path = PNA_ObjectCTests.m; sourceTree = "<group>"; };
		A1FB7E90208649A800024C33 /* Info.plist */ = {isa = PBXFileReference; lastKnownFileType = text.plist.xml; path = Info.plist; sourceTree = "<group>"; };
		A1FB7E95208649A800024C33 /* PNA-ObjectCUITests.xctest */ = {isa = PBXFileReference; explicitFileType = wrapper.cfbundle; includeInIndex = 0; path = "PNA-ObjectCUITests.xctest"; sourceTree = BUILT_PRODUCTS_DIR; };
		A1FB7E99208649A800024C33 /* PNA_ObjectCUITests.m */ = {isa = PBXFileReference; lastKnownFileType = sourcecode.c.objc; path = PNA_ObjectCUITests.m; sourceTree = "<group>"; };
		A1FB7E9B208649A800024C33 /* Info.plist */ = {isa = PBXFileReference; lastKnownFileType = text.plist.xml; path = Info.plist; sourceTree = "<group>"; };
		A1FB7EBA20864BA700024C33 /* PDKeychainBindings.h */ = {isa = PBXFileReference; fileEncoding = 4; lastKnownFileType = sourcecode.c.h; path = PDKeychainBindings.h; sourceTree = "<group>"; };
		A1FB7EBB20864BA700024C33 /* ActivityViewController.m */ = {isa = PBXFileReference; fileEncoding = 4; lastKnownFileType = sourcecode.c.objc; path = ActivityViewController.m; sourceTree = "<group>"; };
		A1FB7EBC20864BA700024C33 /* ActivityViewController.h */ = {isa = PBXFileReference; fileEncoding = 4; lastKnownFileType = sourcecode.c.h; path = ActivityViewController.h; sourceTree = "<group>"; };
		A1FB7EBD20864BA700024C33 /* PDKeychainBindings.m */ = {isa = PBXFileReference; fileEncoding = 4; lastKnownFileType = sourcecode.c.objc; path = PDKeychainBindings.m; sourceTree = "<group>"; };
		A1FB7EBE20864BA700024C33 /* PDKeychainBindingsController.m */ = {isa = PBXFileReference; fileEncoding = 4; lastKnownFileType = sourcecode.c.objc; path = PDKeychainBindingsController.m; sourceTree = "<group>"; };
		A1FB7EBF20864BA700024C33 /* PDKeychainBindingsController.h */ = {isa = PBXFileReference; fileEncoding = 4; lastKnownFileType = sourcecode.c.h; path = PDKeychainBindingsController.h; sourceTree = "<group>"; };
		A1FB83E6209D879A0080FEFB /* UtilsFaceBook.h */ = {isa = PBXFileReference; lastKnownFileType = sourcecode.c.h; path = UtilsFaceBook.h; sourceTree = "<group>"; };
		A1FB83E7209D879A0080FEFB /* UtilsFaceBook.m */ = {isa = PBXFileReference; lastKnownFileType = sourcecode.c.objc; path = UtilsFaceBook.m; sourceTree = "<group>"; };
		A1FF34AE208A383F00EC98DD /* PrefixHeader.pch */ = {isa = PBXFileReference; lastKnownFileType = sourcecode.c.h; path = PrefixHeader.pch; sourceTree = "<group>"; };
		A1FF34AF208A38B300EC98DD /* SQLiteService.m */ = {isa = PBXFileReference; fileEncoding = 4; lastKnownFileType = sourcecode.c.objc; path = SQLiteService.m; sourceTree = "<group>"; };
		A1FF34B0208A38B400EC98DD /* SQLiteService.h */ = {isa = PBXFileReference; fileEncoding = 4; lastKnownFileType = sourcecode.c.h; path = SQLiteService.h; sourceTree = "<group>"; };
		A1FF34B2208A394A00EC98DD /* ConnectionService.h */ = {isa = PBXFileReference; fileEncoding = 4; lastKnownFileType = sourcecode.c.h; path = ConnectionService.h; sourceTree = "<group>"; };
		A1FF34B3208A394A00EC98DD /* ConnectionService.m */ = {isa = PBXFileReference; fileEncoding = 4; lastKnownFileType = sourcecode.c.objc; path = ConnectionService.m; sourceTree = "<group>"; };
		B8CE73F6BFBA5C1E0320E56E /* Pods-PNA-ObjectCTests.debug.xcconfig */ = {isa = PBXFileReference; includeInIndex = 1; lastKnownFileType = text.xcconfig; name = "Pods-PNA-ObjectCTests.debug.xcconfig"; path = "Pods/Target Support Files/Pods-PNA-ObjectCTests/Pods-PNA-ObjectCTests.debug.xcconfig"; sourceTree = "<group>"; };
		C2A05C31BAB139C972510933 /* Pods-PNA-ObjectCUITests.release.xcconfig */ = {isa = PBXFileReference; includeInIndex = 1; lastKnownFileType = text.xcconfig; name = "Pods-PNA-ObjectCUITests.release.xcconfig"; path = "Pods/Target Support Files/Pods-PNA-ObjectCUITests/Pods-PNA-ObjectCUITests.release.xcconfig"; sourceTree = "<group>"; };
		D57E227473A699294BF26A92 /* Pods-PNA-ObjectC.release.xcconfig */ = {isa = PBXFileReference; includeInIndex = 1; lastKnownFileType = text.xcconfig; name = "Pods-PNA-ObjectC.release.xcconfig"; path = "Pods/Target Support Files/Pods-PNA-ObjectC/Pods-PNA-ObjectC.release.xcconfig"; sourceTree = "<group>"; };
		EA537C2B75726B28EDF12D1E /* libPods-PNA-ObjectCTests.a */ = {isa = PBXFileReference; explicitFileType = archive.ar; includeInIndex = 0; path = "libPods-PNA-ObjectCTests.a"; sourceTree = BUILT_PRODUCTS_DIR; };
		FDA0340488D171163A157F4F /* Pods-PNA-ObjectC.debug.xcconfig */ = {isa = PBXFileReference; includeInIndex = 1; lastKnownFileType = text.xcconfig; name = "Pods-PNA-ObjectC.debug.xcconfig"; path = "Pods/Target Support Files/Pods-PNA-ObjectC/Pods-PNA-ObjectC.debug.xcconfig"; sourceTree = "<group>"; };
/* End PBXFileReference section */

/* Begin PBXFrameworksBuildPhase section */
		A1FB7E6C208649A800024C33 /* Frameworks */ = {
			isa = PBXFrameworksBuildPhase;
			buildActionMask = 2147483647;
			files = (
				A1CA1606208B04BA006B3AAF /* AVFoundation.framework in Frameworks */,
				A1CA15FF208B026E006B3AAF /* WebKit.framework in Frameworks */,
				A1697EDE208A3E93009119F1 /* CoreGraphics.framework in Frameworks */,
				10BCA112A30B6718335DD0C4 /* libPods-PNA-ObjectC.a in Frameworks */,
			);
			runOnlyForDeploymentPostprocessing = 0;
		};
		A1FB7E87208649A800024C33 /* Frameworks */ = {
			isa = PBXFrameworksBuildPhase;
			buildActionMask = 2147483647;
			files = (
				E16B220D53C06DC9BB078026 /* libPods-PNA-ObjectCTests.a in Frameworks */,
			);
			runOnlyForDeploymentPostprocessing = 0;
		};
		A1FB7E92208649A800024C33 /* Frameworks */ = {
			isa = PBXFrameworksBuildPhase;
			buildActionMask = 2147483647;
			files = (
				FE8FBA34A3C121DD61B791D5 /* libPods-PNA-ObjectCUITests.a in Frameworks */,
			);
			runOnlyForDeploymentPostprocessing = 0;
		};
/* End PBXFrameworksBuildPhase section */

/* Begin PBXGroup section */
		5614D54D1C650E758F6EBAB7 /* Frameworks */ = {
			isa = PBXGroup;
			children = (
				A1CA1605208B04BA006B3AAF /* AVFoundation.framework */,
				A1CA15FE208B026E006B3AAF /* WebKit.framework */,
				A1697EDD208A3E93009119F1 /* CoreGraphics.framework */,
				0A8390E9C0FD214C665B34B9 /* libPods-PNA-ObjectC.a */,
				EA537C2B75726B28EDF12D1E /* libPods-PNA-ObjectCTests.a */,
				647DA4D2BF46769F8670C0EC /* libPods-PNA-ObjectCUITests.a */,
			);
			name = Frameworks;
			sourceTree = "<group>";
		};
		66636B9E2099ADEB00699A4B /* Examples */ = {
			isa = PBXGroup;
			children = (
				6629B32020997535004D5D88 /* ExampleController.h */,
				6629B32120997535004D5D88 /* ExampleController.m */,
				66636B9F2099AE2600699A4B /* QRCodeController.h */,
				66636BA02099AE2600699A4B /* QRCodeController.m */,
				66636BA22099AE3500699A4B /* YoutubeController.h */,
				66636BA32099AE3500699A4B /* YoutubeController.m */,
				66636BA52099AE4600699A4B /* CameraController.h */,
				66636BA62099AE4600699A4B /* CameraController.m */,
				66636BAC2099CC7100699A4B /* SocketController.h */,
				66636BAD2099CC7100699A4B /* SocketController.m */,
				A13DA4B72099FF6300A8BFB1 /* FaceBookController.h */,
				A13DA4B82099FF6300A8BFB1 /* FaceBookController.m */,
				A13DA4BA2099FFE100A8BFB1 /* TwitterController.h */,
				A13DA4BB2099FFE100A8BFB1 /* TwitterController.m */,
				A13DA4BD209A019600A8BFB1 /* InstagramController.h */,
				A13DA4BE209A019600A8BFB1 /* InstagramController.m */,
				A13DA4C0209A02F300A8BFB1 /* GoogleMapController.h */,
				A13DA4C1209A02F300A8BFB1 /* GoogleMapController.m */,
				A1F229C920A337FA00747AFD /* GoogleMapInforController.h */,
				A1F229CA20A337FA00747AFD /* GoogleMapInforController.m */,
				A1F229CC20A3444200747AFD /* GooglePlusController.h */,
				A1F229CD20A3444200747AFD /* GooglePlusController.m */,
			);
			path = Examples;
			sourceTree = "<group>";
		};
		A13DA4AB2099F65B00A8BFB1 /* DBCamera */ = {
			isa = PBXGroup;
			children = (
				A13DA4B42099F96500A8BFB1 /* CameraNavigationController.h */,
				A13DA4B52099F96500A8BFB1 /* CameraNavigationController.m */,
				A13DA4AD2099F68300A8BFB1 /* CustomCamera.h */,
				A13DA4AC2099F68300A8BFB1 /* CustomCamera.m */,
				A13DA4AE2099F68300A8BFB1 /* DBCameraConfiguration.h */,
				A13DA4B12099F68400A8BFB1 /* DBCameraConfiguration.m */,
				A13DA4AF2099F68400A8BFB1 /* DBCameraControllerProtocol.h */,
				A13DA4B02099F68400A8BFB1 /* DBPhotoProcessingControllerProtocol.h */,
			);
			path = DBCamera;
			sourceTree = "<group>";
		};
		A1FB7E66208649A800024C33 = {
			isa = PBXGroup;
			children = (
				A1FF34AE208A383F00EC98DD /* PrefixHeader.pch */,
				A1FB7E71208649A800024C33 /* PNA-ObjectC */,
				A1FB7E8D208649A800024C33 /* PNA-ObjectCTests */,
				A1FB7E98208649A800024C33 /* PNA-ObjectCUITests */,
				A1FB7E70208649A800024C33 /* Products */,
				DBC7979B959A10A092A288EA /* Pods */,
				5614D54D1C650E758F6EBAB7 /* Frameworks */,
			);
			sourceTree = "<group>";
		};
		A1FB7E70208649A800024C33 /* Products */ = {
			isa = PBXGroup;
			children = (
				A1FB7E6F208649A800024C33 /* PNA-ObjectC.app */,
				A1FB7E8A208649A800024C33 /* PNA-ObjectCTests.xctest */,
				A1FB7E95208649A800024C33 /* PNA-ObjectCUITests.xctest */,
			);
			name = Products;
			sourceTree = "<group>";
		};
		A1FB7E71208649A800024C33 /* PNA-ObjectC */ = {
			isa = PBXGroup;
			children = (
				A1FB7EA720864A0000024C33 /* Asset */,
				A1FB7EAE20864A6A00024C33 /* Custom */,
				A1FB7EA820864A0800024C33 /* Library */,
				A1FB7EA920864A1600024C33 /* Model */,
				A1FB7EAD20864A6600024C33 /* View */,
				A1FB7EAC20864A5D00024C33 /* Controller */,
				A1FB7E72208649A800024C33 /* AppDelegate.h */,
				A1FB7E73208649A800024C33 /* AppDelegate.m */,
				A1FB7E78208649A800024C33 /* Main.storyboard */,
				66636B9B2099AABF00699A4B /* Examples.storyboard */,
				A1FB7E7E208649A800024C33 /* Assets.xcassets */,
				A1FB7E80208649A800024C33 /* LaunchScreen.storyboard */,
				A1FB7E83208649A800024C33 /* Info.plist */,
				A1FB7E84208649A800024C33 /* main.m */,
				A1FB7E7B208649A800024C33 /* PNA_ObjectC.xcdatamodeld */,
			);
			path = "PNA-ObjectC";
			sourceTree = "<group>";
		};
		A1FB7E8D208649A800024C33 /* PNA-ObjectCTests */ = {
			isa = PBXGroup;
			children = (
				A1FB7E8E208649A800024C33 /* PNA_ObjectCTests.m */,
				A1FB7E90208649A800024C33 /* Info.plist */,
			);
			path = "PNA-ObjectCTests";
			sourceTree = "<group>";
		};
		A1FB7E98208649A800024C33 /* PNA-ObjectCUITests */ = {
			isa = PBXGroup;
			children = (
				A1FB7E99208649A800024C33 /* PNA_ObjectCUITests.m */,
				A1FB7E9B208649A800024C33 /* Info.plist */,
			);
			path = "PNA-ObjectCUITests";
			sourceTree = "<group>";
		};
		A1FB7EA720864A0000024C33 /* Asset */ = {
			isa = PBXGroup;
			children = (
				A1F229C720A331B500747AFD /* map_data.json */,
				A1CA1600208B02F3006B3AAF /* webView.css */,
				A1697ED6208A3B95009119F1 /* tables.json */,
				A1697ED8208A3D51009119F1 /* PNA.db */,
			);
			path = Asset;
			sourceTree = "<group>";
		};
		A1FB7EA820864A0800024C33 /* Library */ = {
			isa = PBXGroup;
			children = (
				A13DA4AB2099F65B00A8BFB1 /* DBCamera */,
				A1CA161A208B0F57006B3AAF /* Utils.h */,
				A1CA161B208B0F57006B3AAF /* Utils.m */,
				A1697EF6208A5019009119F1 /* UtilsFont.h */,
				A1697EF5208A5019009119F1 /* UtilsFont.m */,
				A1697EE3208A4859009119F1 /* UtilsCache.h */,
				A1697EE2208A4859009119F1 /* UtilsCache.m */,
				A1697EE5208A49F0009119F1 /* UtilsPlatform.h */,
				A1697EE6208A49F0009119F1 /* UtilsPlatform.m */,
				A1CA1607208B0916006B3AAF /* UtilsController.h */,
				A1CA1608208B0916006B3AAF /* UtilsController.m */,
				A1FB83E6209D879A0080FEFB /* UtilsFaceBook.h */,
				A1FB83E7209D879A0080FEFB /* UtilsFaceBook.m */,
				A1FB7EBC20864BA700024C33 /* ActivityViewController.h */,
				A1FB7EBB20864BA700024C33 /* ActivityViewController.m */,
				A1FB7EBA20864BA700024C33 /* PDKeychainBindings.h */,
				A1FB7EBD20864BA700024C33 /* PDKeychainBindings.m */,
				A1FB7EBF20864BA700024C33 /* PDKeychainBindingsController.h */,
				A1FB7EBE20864BA700024C33 /* PDKeychainBindingsController.m */,
				66636BA82099B46400699A4B /* MPMoviePlayerController+BackgroundPlayback.h */,
				66636BA92099B46400699A4B /* MPMoviePlayerController+BackgroundPlayback.m */,
				A1F7B14A209DCA5D00BECABF /* UtilsGoogleMap.h */,
				A1F7B14B209DCA5D00BECABF /* UtilsGoogleMap.m */,
			);
			path = Library;
			sourceTree = "<group>";
		};
		A1FB7EA920864A1600024C33 /* Model */ = {
			isa = PBXGroup;
			children = (
				A1FB7EAA20864A1900024C33 /* Utility */,
				A1FB7EAB20864A4C00024C33 /* Object */,
			);
			path = Model;
			sourceTree = "<group>";
		};
		A1FB7EAA20864A1900024C33 /* Utility */ = {
			isa = PBXGroup;
			children = (
				A1697EEF208A4CC6009119F1 /* LanguageService.h */,
				A1697EF0208A4CC6009119F1 /* LanguageService.m */,
				A1697EDB208A3E2A009119F1 /* DownloadService.h */,
				A1697EDA208A3E2A009119F1 /* DownloadService.m */,
				A1FF34B2208A394A00EC98DD /* ConnectionService.h */,
				A1FF34B3208A394A00EC98DD /* ConnectionService.m */,
				A1FF34B0208A38B400EC98DD /* SQLiteService.h */,
				A1FF34AF208A38B300EC98DD /* SQLiteService.m */,
			);
			path = Utility;
			sourceTree = "<group>";
		};
		A1FB7EAB20864A4C00024C33 /* Object */ = {
			isa = PBXGroup;
			children = (
			);
			path = Object;
			sourceTree = "<group>";
		};
		A1FB7EAC20864A5D00024C33 /* Controller */ = {
			isa = PBXGroup;
			children = (
				66636B9E2099ADEB00699A4B /* Examples */,
				A1CA160E208B0C17006B3AAF /* PrevViewControllerSegue.h */,
				A1CA160F208B0C17006B3AAF /* PrevViewControllerSegue.m */,
				A1CA1611208B0C30006B3AAF /* RefreshTableHeaderController.h */,
				A1CA1612208B0C30006B3AAF /* RefreshTableHeaderController.m */,
				A1CA1614208B0D3D006B3AAF /* ProcessKeyboardController.h */,
				A1CA1615208B0D3D006B3AAF /* ProcessKeyboardController.m */,
				A1FB7E75208649A800024C33 /* ViewController.h */,
				A1FB7E76208649A800024C33 /* ViewController.m */,
				A1CA160B208B0A50006B3AAF /* MainController.h */,
				A1CA160C208B0A50006B3AAF /* MainController.m */,
				A14781832097300F00011801 /* MenuController.h */,
				A14781842097300F00011801 /* MenuController.m */,
			);
			path = Controller;
			sourceTree = "<group>";
		};
		A1FB7EAD20864A6600024C33 /* View */ = {
			isa = PBXGroup;
			children = (
				A1FB7EAF20864A7500024C33 /* Cell */,
			);
			path = View;
			sourceTree = "<group>";
		};
		A1FB7EAE20864A6A00024C33 /* Custom */ = {
			isa = PBXGroup;
			children = (
				A1697EEB208A4B88009119F1 /* CustomHeader.h */,
				A1CA15FB208B0219006B3AAF /* CustomWKWebView.h */,
				A1CA15FC208B0219006B3AAF /* CustomWKWebView.m */,
				A1CA1603208B0359006B3AAF /* CustomVideo.h */,
				A1CA1602208B0359006B3AAF /* CustomVideo.m */,
				A1697EF3208A4F72009119F1 /* CustomTextField.h */,
				A1697EF2208A4F71009119F1 /* CustomTextField.m */,
				A1697EEC208A4BFE009119F1 /* CustomLabel.h */,
				A1697EED208A4BFE009119F1 /* CustomLabel.m */,
				A1697EFC208A52CF009119F1 /* CustomButton.h */,
				A1697EFB208A52CF009119F1 /* CustomButton.m */,
				A1697EE9208A4B34009119F1 /* CustomView.h */,
				A1697EE8208A4B34009119F1 /* CustomView.m */,
				A1697EF8208A50D7009119F1 /* CustomImageView.h */,
				A1697EF9208A50D7009119F1 /* CustomImageView.m */,
			);
			path = Custom;
			sourceTree = "<group>";
		};
		A1FB7EAF20864A7500024C33 /* Cell */ = {
			isa = PBXGroup;
			children = (
			);
			path = Cell;
			sourceTree = "<group>";
		};
		DBC7979B959A10A092A288EA /* Pods */ = {
			isa = PBXGroup;
			children = (
				FDA0340488D171163A157F4F /* Pods-PNA-ObjectC.debug.xcconfig */,
				D57E227473A699294BF26A92 /* Pods-PNA-ObjectC.release.xcconfig */,
				B8CE73F6BFBA5C1E0320E56E /* Pods-PNA-ObjectCTests.debug.xcconfig */,
				7F114B93C8CF0AA2090393DA /* Pods-PNA-ObjectCTests.release.xcconfig */,
				51F599D5D1ACA69CB0972306 /* Pods-PNA-ObjectCUITests.debug.xcconfig */,
				C2A05C31BAB139C972510933 /* Pods-PNA-ObjectCUITests.release.xcconfig */,
			);
			name = Pods;
			sourceTree = "<group>";
		};
/* End PBXGroup section */

/* Begin PBXNativeTarget section */
		A1FB7E6E208649A800024C33 /* PNA-ObjectC */ = {
			isa = PBXNativeTarget;
			buildConfigurationList = A1FB7E9E208649A800024C33 /* Build configuration list for PBXNativeTarget "PNA-ObjectC" */;
			buildPhases = (
				01CF99E4174C904095729FB4 /* [CP] Check Pods Manifest.lock */,
				A1FB7E6B208649A800024C33 /* Sources */,
				A1FB7E6C208649A800024C33 /* Frameworks */,
				A1FB7E6D208649A800024C33 /* Resources */,
				EDD14B37BFC09300423BCE61 /* [CP] Copy Pods Resources */,
				9DBCAC1CC2A9DC83A0BE92A3 /* [CP] Embed Pods Frameworks */,
			);
			buildRules = (
			);
			dependencies = (
			);
			name = "PNA-ObjectC";
			productName = "PNA-ObjectC";
			productReference = A1FB7E6F208649A800024C33 /* PNA-ObjectC.app */;
			productType = "com.apple.product-type.application";
		};
		A1FB7E89208649A800024C33 /* PNA-ObjectCTests */ = {
			isa = PBXNativeTarget;
			buildConfigurationList = A1FB7EA1208649A800024C33 /* Build configuration list for PBXNativeTarget "PNA-ObjectCTests" */;
			buildPhases = (
				63437A5FC13A42C89C80E23A /* [CP] Check Pods Manifest.lock */,
				A1FB7E86208649A800024C33 /* Sources */,
				A1FB7E87208649A800024C33 /* Frameworks */,
				A1FB7E88208649A800024C33 /* Resources */,
				80426F389738F96DDC277E20 /* [CP] Embed Pods Frameworks */,
				9491945C22790F54BDF8F145 /* [CP] Copy Pods Resources */,
			);
			buildRules = (
			);
			dependencies = (
				A1FB7E8C208649A800024C33 /* PBXTargetDependency */,
			);
			name = "PNA-ObjectCTests";
			productName = "PNA-ObjectCTests";
			productReference = A1FB7E8A208649A800024C33 /* PNA-ObjectCTests.xctest */;
			productType = "com.apple.product-type.bundle.unit-test";
		};
		A1FB7E94208649A800024C33 /* PNA-ObjectCUITests */ = {
			isa = PBXNativeTarget;
			buildConfigurationList = A1FB7EA4208649A800024C33 /* Build configuration list for PBXNativeTarget "PNA-ObjectCUITests" */;
			buildPhases = (
				74A03B7B6BC59FB3BAB094DD /* [CP] Check Pods Manifest.lock */,
				A1FB7E91208649A800024C33 /* Sources */,
				A1FB7E92208649A800024C33 /* Frameworks */,
				A1FB7E93208649A800024C33 /* Resources */,
				F51368BB504B143B36E35320 /* [CP] Embed Pods Frameworks */,
				34FCC9B0891BF8F5C5CF311D /* [CP] Copy Pods Resources */,
			);
			buildRules = (
			);
			dependencies = (
				A1FB7E97208649A800024C33 /* PBXTargetDependency */,
			);
			name = "PNA-ObjectCUITests";
			productName = "PNA-ObjectCUITests";
			productReference = A1FB7E95208649A800024C33 /* PNA-ObjectCUITests.xctest */;
			productType = "com.apple.product-type.bundle.ui-testing";
		};
/* End PBXNativeTarget section */

/* Begin PBXProject section */
		A1FB7E67208649A800024C33 /* Project object */ = {
			isa = PBXProject;
			attributes = {
				LastUpgradeCheck = 0910;
				ORGANIZATIONNAME = An;
				TargetAttributes = {
					A1FB7E6E208649A800024C33 = {
						CreatedOnToolsVersion = 9.1;
						ProvisioningStyle = Automatic;
					};
					A1FB7E89208649A800024C33 = {
						CreatedOnToolsVersion = 9.1;
						ProvisioningStyle = Automatic;
						TestTargetID = A1FB7E6E208649A800024C33;
					};
					A1FB7E94208649A800024C33 = {
						CreatedOnToolsVersion = 9.1;
						ProvisioningStyle = Automatic;
						TestTargetID = A1FB7E6E208649A800024C33;
					};
				};
			};
			buildConfigurationList = A1FB7E6A208649A800024C33 /* Build configuration list for PBXProject "PNA-ObjectC" */;
			compatibilityVersion = "Xcode 8.0";
			developmentRegion = en;
			hasScannedForEncodings = 0;
			knownRegions = (
				en,
				Base,
			);
			mainGroup = A1FB7E66208649A800024C33;
			productRefGroup = A1FB7E70208649A800024C33 /* Products */;
			projectDirPath = "";
			projectRoot = "";
			targets = (
				A1FB7E6E208649A800024C33 /* PNA-ObjectC */,
				A1FB7E89208649A800024C33 /* PNA-ObjectCTests */,
				A1FB7E94208649A800024C33 /* PNA-ObjectCUITests */,
			);
		};
/* End PBXProject section */

/* Begin PBXResourcesBuildPhase section */
		A1FB7E6D208649A800024C33 /* Resources */ = {
			isa = PBXResourcesBuildPhase;
			buildActionMask = 2147483647;
			files = (
				A1697ED9208A3D51009119F1 /* PNA.db in Resources */,
				66636B9D2099AABF00699A4B /* Examples.storyboard in Resources */,
				A1FB7E82208649A800024C33 /* LaunchScreen.storyboard in Resources */,
				A1FB7E7F208649A800024C33 /* Assets.xcassets in Resources */,
				A1F229C820A331B600747AFD /* map_data.json in Resources */,
				A1697ED7208A3B95009119F1 /* tables.json in Resources */,
				A1FB7E7A208649A800024C33 /* Main.storyboard in Resources */,
				A1CA1601208B02F3006B3AAF /* webView.css in Resources */,
			);
			runOnlyForDeploymentPostprocessing = 0;
		};
		A1FB7E88208649A800024C33 /* Resources */ = {
			isa = PBXResourcesBuildPhase;
			buildActionMask = 2147483647;
			files = (
			);
			runOnlyForDeploymentPostprocessing = 0;
		};
		A1FB7E93208649A800024C33 /* Resources */ = {
			isa = PBXResourcesBuildPhase;
			buildActionMask = 2147483647;
			files = (
			);
			runOnlyForDeploymentPostprocessing = 0;
		};
/* End PBXResourcesBuildPhase section */

/* Begin PBXShellScriptBuildPhase section */
		01CF99E4174C904095729FB4 /* [CP] Check Pods Manifest.lock */ = {
			isa = PBXShellScriptBuildPhase;
			buildActionMask = 2147483647;
			files = (
			);
			inputPaths = (
				"${PODS_PODFILE_DIR_PATH}/Podfile.lock",
				"${PODS_ROOT}/Manifest.lock",
			);
			name = "[CP] Check Pods Manifest.lock";
			outputPaths = (
				"$(DERIVED_FILE_DIR)/Pods-PNA-ObjectC-checkManifestLockResult.txt",
			);
			runOnlyForDeploymentPostprocessing = 0;
			shellPath = /bin/sh;
			shellScript = "diff \"${PODS_PODFILE_DIR_PATH}/Podfile.lock\" \"${PODS_ROOT}/Manifest.lock\" > /dev/null\nif [ $? != 0 ] ; then\n    # print error to STDERR\n    echo \"error: The sandbox is not in sync with the Podfile.lock. Run 'pod install' or update your CocoaPods installation.\" >&2\n    exit 1\nfi\n# This output is used by Xcode 'outputs' to avoid re-running this script phase.\necho \"SUCCESS\" > \"${SCRIPT_OUTPUT_FILE_0}\"\n";
			showEnvVarsInLog = 0;
		};
		34FCC9B0891BF8F5C5CF311D /* [CP] Copy Pods Resources */ = {
			isa = PBXShellScriptBuildPhase;
			buildActionMask = 2147483647;
			files = (
			);
			inputPaths = (
			);
			name = "[CP] Copy Pods Resources";
			outputPaths = (
			);
			runOnlyForDeploymentPostprocessing = 0;
			shellPath = /bin/sh;
			shellScript = "\"${SRCROOT}/Pods/Target Support Files/Pods-PNA-ObjectCUITests/Pods-PNA-ObjectCUITests-resources.sh\"\n";
			showEnvVarsInLog = 0;
		};
		63437A5FC13A42C89C80E23A /* [CP] Check Pods Manifest.lock */ = {
			isa = PBXShellScriptBuildPhase;
			buildActionMask = 2147483647;
			files = (
			);
			inputPaths = (
				"${PODS_PODFILE_DIR_PATH}/Podfile.lock",
				"${PODS_ROOT}/Manifest.lock",
			);
			name = "[CP] Check Pods Manifest.lock";
			outputPaths = (
				"$(DERIVED_FILE_DIR)/Pods-PNA-ObjectCTests-checkManifestLockResult.txt",
			);
			runOnlyForDeploymentPostprocessing = 0;
			shellPath = /bin/sh;
			shellScript = "diff \"${PODS_PODFILE_DIR_PATH}/Podfile.lock\" \"${PODS_ROOT}/Manifest.lock\" > /dev/null\nif [ $? != 0 ] ; then\n    # print error to STDERR\n    echo \"error: The sandbox is not in sync with the Podfile.lock. Run 'pod install' or update your CocoaPods installation.\" >&2\n    exit 1\nfi\n# This output is used by Xcode 'outputs' to avoid re-running this script phase.\necho \"SUCCESS\" > \"${SCRIPT_OUTPUT_FILE_0}\"\n";
			showEnvVarsInLog = 0;
		};
		74A03B7B6BC59FB3BAB094DD /* [CP] Check Pods Manifest.lock */ = {
			isa = PBXShellScriptBuildPhase;
			buildActionMask = 2147483647;
			files = (
			);
			inputPaths = (
				"${PODS_PODFILE_DIR_PATH}/Podfile.lock",
				"${PODS_ROOT}/Manifest.lock",
			);
			name = "[CP] Check Pods Manifest.lock";
			outputPaths = (
				"$(DERIVED_FILE_DIR)/Pods-PNA-ObjectCUITests-checkManifestLockResult.txt",
			);
			runOnlyForDeploymentPostprocessing = 0;
			shellPath = /bin/sh;
			shellScript = "diff \"${PODS_PODFILE_DIR_PATH}/Podfile.lock\" \"${PODS_ROOT}/Manifest.lock\" > /dev/null\nif [ $? != 0 ] ; then\n    # print error to STDERR\n    echo \"error: The sandbox is not in sync with the Podfile.lock. Run 'pod install' or update your CocoaPods installation.\" >&2\n    exit 1\nfi\n# This output is used by Xcode 'outputs' to avoid re-running this script phase.\necho \"SUCCESS\" > \"${SCRIPT_OUTPUT_FILE_0}\"\n";
			showEnvVarsInLog = 0;
		};
		80426F389738F96DDC277E20 /* [CP] Embed Pods Frameworks */ = {
			isa = PBXShellScriptBuildPhase;
			buildActionMask = 2147483647;
			files = (
			);
			inputPaths = (
			);
			name = "[CP] Embed Pods Frameworks";
			outputPaths = (
			);
			runOnlyForDeploymentPostprocessing = 0;
			shellPath = /bin/sh;
			shellScript = "\"${SRCROOT}/Pods/Target Support Files/Pods-PNA-ObjectCTests/Pods-PNA-ObjectCTests-frameworks.sh\"\n";
			showEnvVarsInLog = 0;
		};
		9491945C22790F54BDF8F145 /* [CP] Copy Pods Resources */ = {
			isa = PBXShellScriptBuildPhase;
			buildActionMask = 2147483647;
			files = (
			);
			inputPaths = (
			);
			name = "[CP] Copy Pods Resources";
			outputPaths = (
			);
			runOnlyForDeploymentPostprocessing = 0;
			shellPath = /bin/sh;
			shellScript = "\"${SRCROOT}/Pods/Target Support Files/Pods-PNA-ObjectCTests/Pods-PNA-ObjectCTests-resources.sh\"\n";
			showEnvVarsInLog = 0;
		};
		9DBCAC1CC2A9DC83A0BE92A3 /* [CP] Embed Pods Frameworks */ = {
			isa = PBXShellScriptBuildPhase;
			buildActionMask = 2147483647;
			files = (
			);
			inputPaths = (
				"${SRCROOT}/Pods/Target Support Files/Pods-PNA-ObjectC/Pods-PNA-ObjectC-frameworks.sh",
				"${PODS_ROOT}/TwitterCore/iOS/TwitterCore.framework",
				"${PODS_ROOT}/TwitterKit/iOS/TwitterKit.framework",
			);
			name = "[CP] Embed Pods Frameworks";
			outputPaths = (
				"${TARGET_BUILD_DIR}/${FRAMEWORKS_FOLDER_PATH}/TwitterCore.framework",
				"${TARGET_BUILD_DIR}/${FRAMEWORKS_FOLDER_PATH}/TwitterKit.framework",
			);
			runOnlyForDeploymentPostprocessing = 0;
			shellPath = /bin/sh;
			shellScript = "\"${SRCROOT}/Pods/Target Support Files/Pods-PNA-ObjectC/Pods-PNA-ObjectC-frameworks.sh\"\n";
			showEnvVarsInLog = 0;
		};
		EDD14B37BFC09300423BCE61 /* [CP] Copy Pods Resources */ = {
			isa = PBXShellScriptBuildPhase;
			buildActionMask = 2147483647;
			files = (
			);
			inputPaths = (
				"${SRCROOT}/Pods/Target Support Files/Pods-PNA-ObjectC/Pods-PNA-ObjectC-resources.sh",
				"${PODS_ROOT}/DBCamera/DBCamera/Resources/DBCameraImages.xcassets",
				"${PODS_ROOT}/DBCamera/DBCamera/Localizations/DBCamera.bundle",
				"${PODS_ROOT}/DBCamera/DBCamera/Filters/1977.acv",
				"${PODS_ROOT}/DBCamera/DBCamera/Filters/amaro.acv",
				"${PODS_ROOT}/DBCamera/DBCamera/Filters/Hudson.acv",
				"${PODS_ROOT}/DBCamera/DBCamera/Filters/mayfair.acv",
				"${PODS_ROOT}/DBCamera/DBCamera/Filters/Nashville.acv",
				"${PODS_ROOT}/DBCamera/DBCamera/Filters/Valencia.acv",
				"${PODS_ROOT}/DBCamera/DBCamera/Filters/Vignette.acv",
				"${PODS_ROOT}/EGOTableViewPullRefreshAndLoadMore/EGOTableViewPullRefreshAndLoadMore/Resources/blackArrow.png",
				"${PODS_ROOT}/EGOTableViewPullRefreshAndLoadMore/EGOTableViewPullRefreshAndLoadMore/Resources/blackArrow@2x.png",
				"${PODS_ROOT}/EGOTableViewPullRefreshAndLoadMore/EGOTableViewPullRefreshAndLoadMore/Resources/blackArrowLoadMore.png",
				"${PODS_ROOT}/EGOTableViewPullRefreshAndLoadMore/EGOTableViewPullRefreshAndLoadMore/Resources/blackArrowLoadMore@2x.png",
				"${PODS_ROOT}/EGOTableViewPullRefreshAndLoadMore/EGOTableViewPullRefreshAndLoadMore/Resources/blueArrow.png",
				"${PODS_ROOT}/EGOTableViewPullRefreshAndLoadMore/EGOTableViewPullRefreshAndLoadMore/Resources/blueArrow@2x.png",
				"${PODS_ROOT}/EGOTableViewPullRefreshAndLoadMore/EGOTableViewPullRefreshAndLoadMore/Resources/blueArrowLoadMore.png",
				"${PODS_ROOT}/EGOTableViewPullRefreshAndLoadMore/EGOTableViewPullRefreshAndLoadMore/Resources/blueArrowLoadMore@2x.png",
				"${PODS_ROOT}/EGOTableViewPullRefreshAndLoadMore/EGOTableViewPullRefreshAndLoadMore/Resources/grayArrow.png",
				"${PODS_ROOT}/EGOTableViewPullRefreshAndLoadMore/EGOTableViewPullRefreshAndLoadMore/Resources/grayArrow@2x.png",
				"${PODS_ROOT}/EGOTableViewPullRefreshAndLoadMore/EGOTableViewPullRefreshAndLoadMore/Resources/grayArrowLoadMore.png",
				"${PODS_ROOT}/EGOTableViewPullRefreshAndLoadMore/EGOTableViewPullRefreshAndLoadMore/Resources/grayArrowLoadMore@2x.png",
				"${PODS_ROOT}/EGOTableViewPullRefreshAndLoadMore/EGOTableViewPullRefreshAndLoadMore/Resources/whiteArrow.png",
				"${PODS_ROOT}/EGOTableViewPullRefreshAndLoadMore/EGOTableViewPullRefreshAndLoadMore/Resources/whiteArrow@2x.png",
				"${PODS_ROOT}/EGOTableViewPullRefreshAndLoadMore/EGOTableViewPullRefreshAndLoadMore/Resources/whiteArrowLoadMore.png",
				"${PODS_ROOT}/EGOTableViewPullRefreshAndLoadMore/EGOTableViewPullRefreshAndLoadMore/Resources/whiteArrowLoadMore@2x.png",
				"${PODS_ROOT}/FBSDKCoreKit/FacebookSDKStrings.bundle",
				"${PODS_ROOT}/GPUImage/framework/Resources/lookup.png",
				"${PODS_ROOT}/GPUImage/framework/Resources/lookup_amatorka.png",
				"${PODS_ROOT}/GPUImage/framework/Resources/lookup_miss_etikate.png",
				"${PODS_ROOT}/GPUImage/framework/Resources/lookup_soft_elegance_1.png",
				"${PODS_ROOT}/GPUImage/framework/Resources/lookup_soft_elegance_2.png",
				"${PODS_ROOT}/GTMOAuth2/Source/Touch/GTMOAuth2ViewTouch.xib",
				"${PODS_ROOT}/GoogleMaps/Maps/Frameworks/GoogleMaps.framework/Resources/GoogleMaps.bundle",
				"${PODS_ROOT}/GoogleSignIn/Resources/GoogleSignIn.bundle",
				"${PODS_ROOT}/TwitterKit/iOS/TwitterKit.framework/TwitterKitResources.bundle",
				"${PODS_ROOT}/TwitterKit/iOS/TwitterKit.framework/TwitterShareExtensionUIResources.bundle",
			);
			name = "[CP] Copy Pods Resources";
			outputPaths = (
				"${TARGET_BUILD_DIR}/${UNLOCALIZED_RESOURCES_FOLDER_PATH}/DBCameraImages.xcassets",
				"${TARGET_BUILD_DIR}/${UNLOCALIZED_RESOURCES_FOLDER_PATH}/DBCamera.bundle",
				"${TARGET_BUILD_DIR}/${UNLOCALIZED_RESOURCES_FOLDER_PATH}/1977.acv",
				"${TARGET_BUILD_DIR}/${UNLOCALIZED_RESOURCES_FOLDER_PATH}/amaro.acv",
				"${TARGET_BUILD_DIR}/${UNLOCALIZED_RESOURCES_FOLDER_PATH}/Hudson.acv",
				"${TARGET_BUILD_DIR}/${UNLOCALIZED_RESOURCES_FOLDER_PATH}/mayfair.acv",
				"${TARGET_BUILD_DIR}/${UNLOCALIZED_RESOURCES_FOLDER_PATH}/Nashville.acv",
				"${TARGET_BUILD_DIR}/${UNLOCALIZED_RESOURCES_FOLDER_PATH}/Valencia.acv",
				"${TARGET_BUILD_DIR}/${UNLOCALIZED_RESOURCES_FOLDER_PATH}/Vignette.acv",
				"${TARGET_BUILD_DIR}/${UNLOCALIZED_RESOURCES_FOLDER_PATH}/blackArrow.png",
				"${TARGET_BUILD_DIR}/${UNLOCALIZED_RESOURCES_FOLDER_PATH}/blackArrow@2x.png",
				"${TARGET_BUILD_DIR}/${UNLOCALIZED_RESOURCES_FOLDER_PATH}/blackArrowLoadMore.png",
				"${TARGET_BUILD_DIR}/${UNLOCALIZED_RESOURCES_FOLDER_PATH}/blackArrowLoadMore@2x.png",
				"${TARGET_BUILD_DIR}/${UNLOCALIZED_RESOURCES_FOLDER_PATH}/blueArrow.png",
				"${TARGET_BUILD_DIR}/${UNLOCALIZED_RESOURCES_FOLDER_PATH}/blueArrow@2x.png",
				"${TARGET_BUILD_DIR}/${UNLOCALIZED_RESOURCES_FOLDER_PATH}/blueArrowLoadMore.png",
				"${TARGET_BUILD_DIR}/${UNLOCALIZED_RESOURCES_FOLDER_PATH}/blueArrowLoadMore@2x.png",
				"${TARGET_BUILD_DIR}/${UNLOCALIZED_RESOURCES_FOLDER_PATH}/grayArrow.png",
				"${TARGET_BUILD_DIR}/${UNLOCALIZED_RESOURCES_FOLDER_PATH}/grayArrow@2x.png",
				"${TARGET_BUILD_DIR}/${UNLOCALIZED_RESOURCES_FOLDER_PATH}/grayArrowLoadMore.png",
				"${TARGET_BUILD_DIR}/${UNLOCALIZED_RESOURCES_FOLDER_PATH}/grayArrowLoadMore@2x.png",
				"${TARGET_BUILD_DIR}/${UNLOCALIZED_RESOURCES_FOLDER_PATH}/whiteArrow.png",
				"${TARGET_BUILD_DIR}/${UNLOCALIZED_RESOURCES_FOLDER_PATH}/whiteArrow@2x.png",
				"${TARGET_BUILD_DIR}/${UNLOCALIZED_RESOURCES_FOLDER_PATH}/whiteArrowLoadMore.png",
				"${TARGET_BUILD_DIR}/${UNLOCALIZED_RESOURCES_FOLDER_PATH}/whiteArrowLoadMore@2x.png",
				"${TARGET_BUILD_DIR}/${UNLOCALIZED_RESOURCES_FOLDER_PATH}/FacebookSDKStrings.bundle",
				"${TARGET_BUILD_DIR}/${UNLOCALIZED_RESOURCES_FOLDER_PATH}/lookup.png",
				"${TARGET_BUILD_DIR}/${UNLOCALIZED_RESOURCES_FOLDER_PATH}/lookup_amatorka.png",
				"${TARGET_BUILD_DIR}/${UNLOCALIZED_RESOURCES_FOLDER_PATH}/lookup_miss_etikate.png",
				"${TARGET_BUILD_DIR}/${UNLOCALIZED_RESOURCES_FOLDER_PATH}/lookup_soft_elegance_1.png",
				"${TARGET_BUILD_DIR}/${UNLOCALIZED_RESOURCES_FOLDER_PATH}/lookup_soft_elegance_2.png",
				"${TARGET_BUILD_DIR}/${UNLOCALIZED_RESOURCES_FOLDER_PATH}/GTMOAuth2ViewTouch.nib",
				"${TARGET_BUILD_DIR}/${UNLOCALIZED_RESOURCES_FOLDER_PATH}/GoogleMaps.bundle",
				"${TARGET_BUILD_DIR}/${UNLOCALIZED_RESOURCES_FOLDER_PATH}/GoogleSignIn.bundle",
				"${TARGET_BUILD_DIR}/${UNLOCALIZED_RESOURCES_FOLDER_PATH}/TwitterKitResources.bundle",
				"${TARGET_BUILD_DIR}/${UNLOCALIZED_RESOURCES_FOLDER_PATH}/TwitterShareExtensionUIResources.bundle",
			);
			runOnlyForDeploymentPostprocessing = 0;
			shellPath = /bin/sh;
			shellScript = "\"${SRCROOT}/Pods/Target Support Files/Pods-PNA-ObjectC/Pods-PNA-ObjectC-resources.sh\"\n";
			showEnvVarsInLog = 0;
		};
		F51368BB504B143B36E35320 /* [CP] Embed Pods Frameworks */ = {
			isa = PBXShellScriptBuildPhase;
			buildActionMask = 2147483647;
			files = (
			);
			inputPaths = (
			);
			name = "[CP] Embed Pods Frameworks";
			outputPaths = (
			);
			runOnlyForDeploymentPostprocessing = 0;
			shellPath = /bin/sh;
			shellScript = "\"${SRCROOT}/Pods/Target Support Files/Pods-PNA-ObjectCUITests/Pods-PNA-ObjectCUITests-frameworks.sh\"\n";
			showEnvVarsInLog = 0;
		};
/* End PBXShellScriptBuildPhase section */

/* Begin PBXSourcesBuildPhase section */
		A1FB7E6B208649A800024C33 /* Sources */ = {
			isa = PBXSourcesBuildPhase;
			buildActionMask = 2147483647;
			files = (
				A14781852097301000011801 /* MenuController.m in Sources */,
				A13DA4B32099F68400A8BFB1 /* DBCameraConfiguration.m in Sources */,
				A1697EFD208A52CF009119F1 /* CustomButton.m in Sources */,
				A1CA160D208B0A50006B3AAF /* MainController.m in Sources */,
				A13DA4B62099F96500A8BFB1 /* CameraNavigationController.m in Sources */,
				A1697EF1208A4CC6009119F1 /* LanguageService.m in Sources */,
				A1697EE7208A49F0009119F1 /* UtilsPlatform.m in Sources */,
				A1697EE4208A4859009119F1 /* UtilsCache.m in Sources */,
				A1697EFA208A50D7009119F1 /* CustomImageView.m in Sources */,
				A1F229CE20A3444200747AFD /* GooglePlusController.m in Sources */,
				A13DA4B92099FF6300A8BFB1 /* FaceBookController.m in Sources */,
				A1CA15FD208B0219006B3AAF /* CustomWKWebView.m in Sources */,
				A1697EEA208A4B34009119F1 /* CustomView.m in Sources */,
				A1FB7E7D208649A800024C33 /* PNA_ObjectC.xcdatamodeld in Sources */,
				A1CA1610208B0C17006B3AAF /* PrevViewControllerSegue.m in Sources */,
				66636BA12099AE2600699A4B /* QRCodeController.m in Sources */,
				66636BAA2099B46400699A4B /* MPMoviePlayerController+BackgroundPlayback.m in Sources */,
				A1CA1616208B0D3D006B3AAF /* ProcessKeyboardController.m in Sources */,
				A1CA161C208B0F58006B3AAF /* Utils.m in Sources */,
				A1F229CB20A337FA00747AFD /* GoogleMapInforController.m in Sources */,
				A13DA4B22099F68400A8BFB1 /* CustomCamera.m in Sources */,
				A1FF34B4208A394A00EC98DD /* ConnectionService.m in Sources */,
				A1FB7E77208649A800024C33 /* ViewController.m in Sources */,
				A1697EF4208A4F72009119F1 /* CustomTextField.m in Sources */,
				A1CA1609208B0916006B3AAF /* UtilsController.m in Sources */,
				A1F7B14C209DCA5D00BECABF /* UtilsGoogleMap.m in Sources */,
				A1697EDC208A3E2A009119F1 /* DownloadService.m in Sources */,
				A1697EEE208A4BFE009119F1 /* CustomLabel.m in Sources */,
				A1FB7E85208649A800024C33 /* main.m in Sources */,
				A13DA4BF209A019600A8BFB1 /* InstagramController.m in Sources */,
				A1697EF7208A5019009119F1 /* UtilsFont.m in Sources */,
				A1FB7EC120864BA700024C33 /* PDKeychainBindings.m in Sources */,
				6629B32220997535004D5D88 /* ExampleController.m in Sources */,
				A1FB7E74208649A800024C33 /* AppDelegate.m in Sources */,
				A1FF34B1208A38B400EC98DD /* SQLiteService.m in Sources */,
				66636BA72099AE4600699A4B /* CameraController.m in Sources */,
				A1FB83E8209D879A0080FEFB /* UtilsFaceBook.m in Sources */,
				A13DA4BC2099FFE100A8BFB1 /* TwitterController.m in Sources */,
				66636BAE2099CC7100699A4B /* SocketController.m in Sources */,
				A1FB7EC220864BA700024C33 /* PDKeychainBindingsController.m in Sources */,
				66636BA42099AE3500699A4B /* YoutubeController.m in Sources */,
				A1FB7EC020864BA700024C33 /* ActivityViewController.m in Sources */,
				A13DA4C2209A02F300A8BFB1 /* GoogleMapController.m in Sources */,
				A1CA1604208B035A006B3AAF /* CustomVideo.m in Sources */,
				A1CA1613208B0C30006B3AAF /* RefreshTableHeaderController.m in Sources */,
			);
			runOnlyForDeploymentPostprocessing = 0;
		};
		A1FB7E86208649A800024C33 /* Sources */ = {
			isa = PBXSourcesBuildPhase;
			buildActionMask = 2147483647;
			files = (
				A1FB7E8F208649A800024C33 /* PNA_ObjectCTests.m in Sources */,
			);
			runOnlyForDeploymentPostprocessing = 0;
		};
		A1FB7E91208649A800024C33 /* Sources */ = {
			isa = PBXSourcesBuildPhase;
			buildActionMask = 2147483647;
			files = (
				A1FB7E9A208649A800024C33 /* PNA_ObjectCUITests.m in Sources */,
			);
			runOnlyForDeploymentPostprocessing = 0;
		};
/* End PBXSourcesBuildPhase section */

/* Begin PBXTargetDependency section */
		A1FB7E8C208649A800024C33 /* PBXTargetDependency */ = {
			isa = PBXTargetDependency;
			target = A1FB7E6E208649A800024C33 /* PNA-ObjectC */;
			targetProxy = A1FB7E8B208649A800024C33 /* PBXContainerItemProxy */;
		};
		A1FB7E97208649A800024C33 /* PBXTargetDependency */ = {
			isa = PBXTargetDependency;
			target = A1FB7E6E208649A800024C33 /* PNA-ObjectC */;
			targetProxy = A1FB7E96208649A800024C33 /* PBXContainerItemProxy */;
		};
/* End PBXTargetDependency section */

/* Begin PBXVariantGroup section */
		66636B9B2099AABF00699A4B /* Examples.storyboard */ = {
			isa = PBXVariantGroup;
			children = (
				66636B9C2099AABF00699A4B /* Base */,
			);
			name = Examples.storyboard;
			sourceTree = "<group>";
		};
		A1FB7E78208649A800024C33 /* Main.storyboard */ = {
			isa = PBXVariantGroup;
			children = (
				A1FB7E79208649A800024C33 /* Base */,
			);
			name = Main.storyboard;
			sourceTree = "<group>";
		};
		A1FB7E80208649A800024C33 /* LaunchScreen.storyboard */ = {
			isa = PBXVariantGroup;
			children = (
				A1FB7E81208649A800024C33 /* Base */,
			);
			name = LaunchScreen.storyboard;
			sourceTree = "<group>";
		};
/* End PBXVariantGroup section */

/* Begin XCBuildConfiguration section */
		A1FB7E9C208649A800024C33 /* Debug */ = {
			isa = XCBuildConfiguration;
			buildSettings = {
				ALWAYS_SEARCH_USER_PATHS = NO;
				CLANG_ANALYZER_NONNULL = YES;
				CLANG_ANALYZER_NUMBER_OBJECT_CONVERSION = YES_AGGRESSIVE;
				CLANG_CXX_LANGUAGE_STANDARD = "gnu++14";
				CLANG_CXX_LIBRARY = "libc++";
				CLANG_ENABLE_MODULES = YES;
				CLANG_ENABLE_OBJC_ARC = YES;
				CLANG_WARN_BLOCK_CAPTURE_AUTORELEASING = YES;
				CLANG_WARN_BOOL_CONVERSION = YES;
				CLANG_WARN_COMMA = YES;
				CLANG_WARN_CONSTANT_CONVERSION = YES;
				CLANG_WARN_DIRECT_OBJC_ISA_USAGE = YES_ERROR;
				CLANG_WARN_DOCUMENTATION_COMMENTS = YES;
				CLANG_WARN_EMPTY_BODY = YES;
				CLANG_WARN_ENUM_CONVERSION = YES;
				CLANG_WARN_INFINITE_RECURSION = YES;
				CLANG_WARN_INT_CONVERSION = YES;
				CLANG_WARN_NON_LITERAL_NULL_CONVERSION = YES;
				CLANG_WARN_OBJC_LITERAL_CONVERSION = YES;
				CLANG_WARN_OBJC_ROOT_CLASS = YES_ERROR;
				CLANG_WARN_RANGE_LOOP_ANALYSIS = YES;
				CLANG_WARN_STRICT_PROTOTYPES = YES;
				CLANG_WARN_SUSPICIOUS_MOVE = YES;
				CLANG_WARN_UNGUARDED_AVAILABILITY = YES_AGGRESSIVE;
				CLANG_WARN_UNREACHABLE_CODE = YES;
				CLANG_WARN__DUPLICATE_METHOD_MATCH = YES;
				CODE_SIGN_IDENTITY = "iPhone Developer";
				COPY_PHASE_STRIP = NO;
				DEBUG_INFORMATION_FORMAT = dwarf;
				ENABLE_STRICT_OBJC_MSGSEND = YES;
				ENABLE_TESTABILITY = YES;
				GCC_C_LANGUAGE_STANDARD = gnu11;
				GCC_DYNAMIC_NO_PIC = NO;
				GCC_NO_COMMON_BLOCKS = YES;
				GCC_OPTIMIZATION_LEVEL = 0;
				GCC_PREPROCESSOR_DEFINITIONS = (
					"DEBUG=1",
					"$(inherited)",
				);
				GCC_WARN_64_TO_32_BIT_CONVERSION = YES;
				GCC_WARN_ABOUT_RETURN_TYPE = YES_ERROR;
				GCC_WARN_UNDECLARED_SELECTOR = YES;
				GCC_WARN_UNINITIALIZED_AUTOS = YES_AGGRESSIVE;
				GCC_WARN_UNUSED_FUNCTION = YES;
				GCC_WARN_UNUSED_VARIABLE = YES;
				IPHONEOS_DEPLOYMENT_TARGET = 11.1;
				MTL_ENABLE_DEBUG_INFO = YES;
				ONLY_ACTIVE_ARCH = YES;
				SDKROOT = iphoneos;
			};
			name = Debug;
		};
		A1FB7E9D208649A800024C33 /* Release */ = {
			isa = XCBuildConfiguration;
			buildSettings = {
				ALWAYS_SEARCH_USER_PATHS = NO;
				CLANG_ANALYZER_NONNULL = YES;
				CLANG_ANALYZER_NUMBER_OBJECT_CONVERSION = YES_AGGRESSIVE;
				CLANG_CXX_LANGUAGE_STANDARD = "gnu++14";
				CLANG_CXX_LIBRARY = "libc++";
				CLANG_ENABLE_MODULES = YES;
				CLANG_ENABLE_OBJC_ARC = YES;
				CLANG_WARN_BLOCK_CAPTURE_AUTORELEASING = YES;
				CLANG_WARN_BOOL_CONVERSION = YES;
				CLANG_WARN_COMMA = YES;
				CLANG_WARN_CONSTANT_CONVERSION = YES;
				CLANG_WARN_DIRECT_OBJC_ISA_USAGE = YES_ERROR;
				CLANG_WARN_DOCUMENTATION_COMMENTS = YES;
				CLANG_WARN_EMPTY_BODY = YES;
				CLANG_WARN_ENUM_CONVERSION = YES;
				CLANG_WARN_INFINITE_RECURSION = YES;
				CLANG_WARN_INT_CONVERSION = YES;
				CLANG_WARN_NON_LITERAL_NULL_CONVERSION = YES;
				CLANG_WARN_OBJC_LITERAL_CONVERSION = YES;
				CLANG_WARN_OBJC_ROOT_CLASS = YES_ERROR;
				CLANG_WARN_RANGE_LOOP_ANALYSIS = YES;
				CLANG_WARN_STRICT_PROTOTYPES = YES;
				CLANG_WARN_SUSPICIOUS_MOVE = YES;
				CLANG_WARN_UNGUARDED_AVAILABILITY = YES_AGGRESSIVE;
				CLANG_WARN_UNREACHABLE_CODE = YES;
				CLANG_WARN__DUPLICATE_METHOD_MATCH = YES;
				CODE_SIGN_IDENTITY = "iPhone Developer";
				COPY_PHASE_STRIP = NO;
				DEBUG_INFORMATION_FORMAT = "dwarf-with-dsym";
				ENABLE_NS_ASSERTIONS = NO;
				ENABLE_STRICT_OBJC_MSGSEND = YES;
				GCC_C_LANGUAGE_STANDARD = gnu11;
				GCC_NO_COMMON_BLOCKS = YES;
				GCC_WARN_64_TO_32_BIT_CONVERSION = YES;
				GCC_WARN_ABOUT_RETURN_TYPE = YES_ERROR;
				GCC_WARN_UNDECLARED_SELECTOR = YES;
				GCC_WARN_UNINITIALIZED_AUTOS = YES_AGGRESSIVE;
				GCC_WARN_UNUSED_FUNCTION = YES;
				GCC_WARN_UNUSED_VARIABLE = YES;
				IPHONEOS_DEPLOYMENT_TARGET = 11.1;
				MTL_ENABLE_DEBUG_INFO = NO;
				SDKROOT = iphoneos;
				VALIDATE_PRODUCT = YES;
			};
			name = Release;
		};
		A1FB7E9F208649A800024C33 /* Debug */ = {
			isa = XCBuildConfiguration;
			baseConfigurationReference = FDA0340488D171163A157F4F /* Pods-PNA-ObjectC.debug.xcconfig */;
			buildSettings = {
				ASSETCATALOG_COMPILER_APPICON_NAME = AppIcon;
				CODE_SIGN_STYLE = Automatic;
				DEFINES_MODULE = NO;
				DEVELOPMENT_TEAM = GJG8A8A56T;
				GCC_PRECOMPILE_PREFIX_HEADER = YES;
				GCC_PREFIX_HEADER = PrefixHeader.pch;
				INFOPLIST_FILE = "PNA-ObjectC/Info.plist";
				IPHONEOS_DEPLOYMENT_TARGET = 10.0;
				LD_RUNPATH_SEARCH_PATHS = "$(inherited) @executable_path/Frameworks";
				PRODUCT_BUNDLE_IDENTIFIER = com.nestle.miloau;
				PRODUCT_NAME = "$(TARGET_NAME)";
				TARGETED_DEVICE_FAMILY = "1,2";
			};
			name = Debug;
		};
		A1FB7EA0208649A800024C33 /* Release */ = {
			isa = XCBuildConfiguration;
			baseConfigurationReference = D57E227473A699294BF26A92 /* Pods-PNA-ObjectC.release.xcconfig */;
			buildSettings = {
				ASSETCATALOG_COMPILER_APPICON_NAME = AppIcon;
				CODE_SIGN_STYLE = Automatic;
				DEFINES_MODULE = NO;
				DEVELOPMENT_TEAM = GJG8A8A56T;
				GCC_PRECOMPILE_PREFIX_HEADER = YES;
				GCC_PREFIX_HEADER = PrefixHeader.pch;
				INFOPLIST_FILE = "PNA-ObjectC/Info.plist";
				IPHONEOS_DEPLOYMENT_TARGET = 10.0;
				LD_RUNPATH_SEARCH_PATHS = "$(inherited) @executable_path/Frameworks";
				PRODUCT_BUNDLE_IDENTIFIER = com.nestle.miloau;
				PRODUCT_NAME = "$(TARGET_NAME)";
				TARGETED_DEVICE_FAMILY = "1,2";
			};
			name = Release;
		};
		A1FB7EA2208649A800024C33 /* Debug */ = {
			isa = XCBuildConfiguration;
			baseConfigurationReference = B8CE73F6BFBA5C1E0320E56E /* Pods-PNA-ObjectCTests.debug.xcconfig */;
			buildSettings = {
				BUNDLE_LOADER = "$(TEST_HOST)";
				CODE_SIGN_STYLE = Automatic;
				INFOPLIST_FILE = "PNA-ObjectCTests/Info.plist";
				LD_RUNPATH_SEARCH_PATHS = "$(inherited) @executable_path/Frameworks @loader_path/Frameworks";
				PRODUCT_BUNDLE_IDENTIFIER = "PNA.PNA-ObjectCTests";
				PRODUCT_NAME = "$(TARGET_NAME)";
				TARGETED_DEVICE_FAMILY = "1,2";
				TEST_HOST = "$(BUILT_PRODUCTS_DIR)/PNA-ObjectC.app/PNA-ObjectC";
			};
			name = Debug;
		};
		A1FB7EA3208649A800024C33 /* Release */ = {
			isa = XCBuildConfiguration;
			baseConfigurationReference = 7F114B93C8CF0AA2090393DA /* Pods-PNA-ObjectCTests.release.xcconfig */;
			buildSettings = {
				BUNDLE_LOADER = "$(TEST_HOST)";
				CODE_SIGN_STYLE = Automatic;
				INFOPLIST_FILE = "PNA-ObjectCTests/Info.plist";
				LD_RUNPATH_SEARCH_PATHS = "$(inherited) @executable_path/Frameworks @loader_path/Frameworks";
				PRODUCT_BUNDLE_IDENTIFIER = "PNA.PNA-ObjectCTests";
				PRODUCT_NAME = "$(TARGET_NAME)";
				TARGETED_DEVICE_FAMILY = "1,2";
				TEST_HOST = "$(BUILT_PRODUCTS_DIR)/PNA-ObjectC.app/PNA-ObjectC";
			};
			name = Release;
		};
		A1FB7EA5208649A800024C33 /* Debug */ = {
			isa = XCBuildConfiguration;
			baseConfigurationReference = 51F599D5D1ACA69CB0972306 /* Pods-PNA-ObjectCUITests.debug.xcconfig */;
			buildSettings = {
				CODE_SIGN_STYLE = Automatic;
				INFOPLIST_FILE = "PNA-ObjectCUITests/Info.plist";
				LD_RUNPATH_SEARCH_PATHS = "$(inherited) @executable_path/Frameworks @loader_path/Frameworks";
				PRODUCT_BUNDLE_IDENTIFIER = "PNA.PNA-ObjectCUITests";
				PRODUCT_NAME = "$(TARGET_NAME)";
				TARGETED_DEVICE_FAMILY = "1,2";
				TEST_TARGET_NAME = "PNA-ObjectC";
			};
			name = Debug;
		};
		A1FB7EA6208649A800024C33 /* Release */ = {
			isa = XCBuildConfiguration;
			baseConfigurationReference = C2A05C31BAB139C972510933 /* Pods-PNA-ObjectCUITests.release.xcconfig */;
			buildSettings = {
				CODE_SIGN_STYLE = Automatic;
				INFOPLIST_FILE = "PNA-ObjectCUITests/Info.plist";
				LD_RUNPATH_SEARCH_PATHS = "$(inherited) @executable_path/Frameworks @loader_path/Frameworks";
				PRODUCT_BUNDLE_IDENTIFIER = "PNA.PNA-ObjectCUITests";
				PRODUCT_NAME = "$(TARGET_NAME)";
				TARGETED_DEVICE_FAMILY = "1,2";
				TEST_TARGET_NAME = "PNA-ObjectC";
			};
			name = Release;
		};
/* End XCBuildConfiguration section */

/* Begin XCConfigurationList section */
		A1FB7E6A208649A800024C33 /* Build configuration list for PBXProject "PNA-ObjectC" */ = {
			isa = XCConfigurationList;
			buildConfigurations = (
				A1FB7E9C208649A800024C33 /* Debug */,
				A1FB7E9D208649A800024C33 /* Release */,
			);
			defaultConfigurationIsVisible = 0;
			defaultConfigurationName = Release;
		};
		A1FB7E9E208649A800024C33 /* Build configuration list for PBXNativeTarget "PNA-ObjectC" */ = {
			isa = XCConfigurationList;
			buildConfigurations = (
				A1FB7E9F208649A800024C33 /* Debug */,
				A1FB7EA0208649A800024C33 /* Release */,
			);
			defaultConfigurationIsVisible = 0;
			defaultConfigurationName = Release;
		};
		A1FB7EA1208649A800024C33 /* Build configuration list for PBXNativeTarget "PNA-ObjectCTests" */ = {
			isa = XCConfigurationList;
			buildConfigurations = (
				A1FB7EA2208649A800024C33 /* Debug */,
				A1FB7EA3208649A800024C33 /* Release */,
			);
			defaultConfigurationIsVisible = 0;
			defaultConfigurationName = Release;
		};
		A1FB7EA4208649A800024C33 /* Build configuration list for PBXNativeTarget "PNA-ObjectCUITests" */ = {
			isa = XCConfigurationList;
			buildConfigurations = (
				A1FB7EA5208649A800024C33 /* Debug */,
				A1FB7EA6208649A800024C33 /* Release */,
			);
			defaultConfigurationIsVisible = 0;
			defaultConfigurationName = Release;
		};
/* End XCConfigurationList section */

/* Begin XCVersionGroup section */
		A1FB7E7B208649A800024C33 /* PNA_ObjectC.xcdatamodeld */ = {
			isa = XCVersionGroup;
			children = (
				A1FB7E7C208649A800024C33 /* PNA_ObjectC.xcdatamodel */,
			);
			currentVersion = A1FB7E7C208649A800024C33 /* PNA_ObjectC.xcdatamodel */;
			path = PNA_ObjectC.xcdatamodeld;
			sourceTree = "<group>";
			versionGroupType = wrapper.xcdatamodel;
		};
/* End XCVersionGroup section */
	};
	rootObject = A1FB7E67208649A800024C33 /* Project object */;
}
